# THIS IS AN AUTOGENERATED FILE. DO NOT EDIT THIS FILE DIRECTLY.
# yarn lockfile v1


"@alloc/quick-lru@^5.2.0":
  version "5.2.0"
  resolved "https://registry.yarnpkg.com/@alloc/quick-lru/-/quick-lru-5.2.0.tgz#7bf68b20c0a350f936915fcae06f58e32007ce30"
  integrity sha512-UrcABB+4bUrFABwbluTIBErXwvbsU/V7TZWfmbgJfbkwiBuziS9gxdODUyuiecfdGQ85jglMW6juS3+z5TsKLw==

"@calcom/embed-core@1.5.2":
  version "1.5.2"
  resolved "https://registry.yarnpkg.com/@calcom/embed-core/-/embed-core-1.5.2.tgz#7f31d7f58913f95b3d70e0c6d7fabbce3be510ab"
  integrity sha512-y1mpVDfcaVdLJ/CN17c7N2SyJAMiM3u9NYvL5mWFDBe4aa5HLTDc5g/DBbO2oCq859W3bxs11voC/E3KkJH3Iw==

"@calcom/embed-react@^1.5.2":
  version "1.5.2"
  resolved "https://registry.yarnpkg.com/@calcom/embed-react/-/embed-react-1.5.2.tgz#670b4e22bf9711241714a216e18e4a4ac0e63cef"
  integrity sha512-DgY3RySiXOrbIVX1LiV/ucKilG+TkvqhP4/0nLlKPLOlk642cSO30xSu4nOmVgR60FLqMyp7Vlg/Xd6J5ijETg==
  dependencies:
    "@calcom/embed-core" "1.5.2"
    "@calcom/embed-snippet" "1.3.2"

"@calcom/embed-snippet@1.3.2":
  version "1.3.2"
  resolved "https://registry.yarnpkg.com/@calcom/embed-snippet/-/embed-snippet-1.3.2.tgz#a34f0938a724d9915e408f47b461bd05bbf84be0"
  integrity sha512-EmW/ZjaQD0HjLI8yFNA5Mtb8zCOQQnj9RhChujuMijUK8EVyE1KtU9t3xIxm1hBMNHr4R1qMaBo2QYaZqQhzsw==
  dependencies:
    "@calcom/embed-core" "1.5.2"

"@emnapi/runtime@^1.2.0":
  version "1.3.1"
  resolved "https://registry.yarnpkg.com/@emnapi/runtime/-/runtime-1.3.1.tgz#0fcaa575afc31f455fd33534c19381cfce6c6f60"
  integrity sha512-kEBmG8KyqtxJZv+ygbEim+KCGtIq1fC22Ms3S4ziXmYKm8uyoLX0MHONVKwp+9opg390VaKRNt4a7A9NwmpNhw==
  dependencies:
    tslib "^2.4.0"

"@floating-ui/core@^1.6.0":
  version "1.6.9"
  resolved "https://registry.yarnpkg.com/@floating-ui/core/-/core-1.6.9.tgz#64d1da251433019dafa091de9b2886ff35ec14e6"
  integrity sha512-uMXCuQ3BItDUbAMhIXw7UPXRfAlOAvZzdK9BWpE60MCn+Svt3aLn9jsPTi/WNGlRUu2uI0v5S7JiIUsbsvh3fw==
  dependencies:
    "@floating-ui/utils" "^0.2.9"

"@floating-ui/dom@^1.0.0":
  version "1.6.13"
  resolved "https://registry.yarnpkg.com/@floating-ui/dom/-/dom-1.6.13.tgz#a8a938532aea27a95121ec16e667a7cbe8c59e34"
  integrity sha512-umqzocjDgNRGTuO7Q8CU32dkHkECqI8ZdMZ5Swb6QAM0t5rnlrN3lGo1hdpscRd3WS8T6DKYK4ephgIH9iRh3w==
  dependencies:
    "@floating-ui/core" "^1.6.0"
    "@floating-ui/utils" "^0.2.9"

"@floating-ui/react-dom@^2.1.2":
  version "2.1.2"
  resolved "https://registry.yarnpkg.com/@floating-ui/react-dom/-/react-dom-2.1.2.tgz#a1349bbf6a0e5cb5ded55d023766f20a4d439a31"
  integrity sha512-06okr5cgPzMNBy+Ycse2A6udMi4bqwW/zgBF/rwjcNqWkyr82Mcg8b0vjX8OJpZFy/FKjJmw6wV7t44kK6kW7A==
  dependencies:
    "@floating-ui/dom" "^1.0.0"

"@floating-ui/react@^0.26.16":
  version "0.26.28"
  resolved "https://registry.yarnpkg.com/@floating-ui/react/-/react-0.26.28.tgz#93f44ebaeb02409312e9df9507e83aab4a8c0dc7"
  integrity sha512-yORQuuAtVpiRjpMhdc0wJj06b9JFjrYF4qp96j++v2NBpbi6SEGF7donUJ3TMieerQ6qVkAv1tgr7L4r5roTqw==
  dependencies:
    "@floating-ui/react-dom" "^2.1.2"
    "@floating-ui/utils" "^0.2.8"
    tabbable "^6.0.0"

"@floating-ui/utils@^0.2.8", "@floating-ui/utils@^0.2.9":
  version "0.2.9"
  resolved "https://registry.yarnpkg.com/@floating-ui/utils/-/utils-0.2.9.tgz#50dea3616bc8191fb8e112283b49eaff03e78429"
  integrity sha512-MDWhGtE+eHw5JW7lq4qhc5yRLS11ERl1c7Z6Xd0a58DozHES6EnNNwUWbMiG4J9Cgj053Bhk8zvlhFYKVhULwg==

"@headlessui/react@^2.2.0":
  version "2.2.0"
  resolved "https://registry.yarnpkg.com/@headlessui/react/-/react-2.2.0.tgz#a8e32f0899862849a1ce1615fa280e7891431ab7"
  integrity sha512-RzCEg+LXsuI7mHiSomsu/gBJSjpupm6A1qIZ5sWjd7JhARNlMiSA4kKfJpCKwU9tE+zMRterhhrP74PvfJrpXQ==
  dependencies:
    "@floating-ui/react" "^0.26.16"
    "@react-aria/focus" "^3.17.1"
    "@react-aria/interactions" "^3.21.3"
    "@tanstack/react-virtual" "^3.8.1"

"@img/sharp-darwin-arm64@0.33.5":
  version "0.33.5"
  resolved "https://registry.yarnpkg.com/@img/sharp-darwin-arm64/-/sharp-darwin-arm64-0.33.5.tgz#ef5b5a07862805f1e8145a377c8ba6e98813ca08"
  integrity sha512-UT4p+iz/2H4twwAoLCqfA9UH5pI6DggwKEGuaPy7nCVQ8ZsiY5PIcrRvD1DzuY3qYL07NtIQcWnBSY/heikIFQ==
  optionalDependencies:
    "@img/sharp-libvips-darwin-arm64" "1.0.4"

"@img/sharp-darwin-x64@0.33.5":
  version "0.33.5"
  resolved "https://registry.yarnpkg.com/@img/sharp-darwin-x64/-/sharp-darwin-x64-0.33.5.tgz#e03d3451cd9e664faa72948cc70a403ea4063d61"
  integrity sha512-fyHac4jIc1ANYGRDxtiqelIbdWkIuQaI84Mv45KvGRRxSAa7o7d1ZKAOBaYbnepLC1WqxfpimdeWfvqqSGwR2Q==
  optionalDependencies:
    "@img/sharp-libvips-darwin-x64" "1.0.4"

"@img/sharp-libvips-darwin-arm64@1.0.4":
  version "1.0.4"
  resolved "https://registry.yarnpkg.com/@img/sharp-libvips-darwin-arm64/-/sharp-libvips-darwin-arm64-1.0.4.tgz#447c5026700c01a993c7804eb8af5f6e9868c07f"
  integrity sha512-XblONe153h0O2zuFfTAbQYAX2JhYmDHeWikp1LM9Hul9gVPjFY427k6dFEcOL72O01QxQsWi761svJ/ev9xEDg==

"@img/sharp-libvips-darwin-x64@1.0.4":
  version "1.0.4"
  resolved "https://registry.yarnpkg.com/@img/sharp-libvips-darwin-x64/-/sharp-libvips-darwin-x64-1.0.4.tgz#e0456f8f7c623f9dbfbdc77383caa72281d86062"
  integrity sha512-xnGR8YuZYfJGmWPvmlunFaWJsb9T/AO2ykoP3Fz/0X5XV2aoYBPkX6xqCQvUTKKiLddarLaxpzNe+b1hjeWHAQ==

"@img/sharp-libvips-linux-arm64@1.0.4":
  version "1.0.4"
  resolved "https://registry.yarnpkg.com/@img/sharp-libvips-linux-arm64/-/sharp-libvips-linux-arm64-1.0.4.tgz#979b1c66c9a91f7ff2893556ef267f90ebe51704"
  integrity sha512-9B+taZ8DlyyqzZQnoeIvDVR/2F4EbMepXMc/NdVbkzsJbzkUjhXv/70GQJ7tdLA4YJgNP25zukcxpX2/SueNrA==

"@img/sharp-libvips-linux-arm@1.0.5":
  version "1.0.5"
  resolved "https://registry.yarnpkg.com/@img/sharp-libvips-linux-arm/-/sharp-libvips-linux-arm-1.0.5.tgz#99f922d4e15216ec205dcb6891b721bfd2884197"
  integrity sha512-gvcC4ACAOPRNATg/ov8/MnbxFDJqf/pDePbBnuBDcjsI8PssmjoKMAz4LtLaVi+OnSb5FK/yIOamqDwGmXW32g==

"@img/sharp-libvips-linux-s390x@1.0.4":
  version "1.0.4"
  resolved "https://registry.yarnpkg.com/@img/sharp-libvips-linux-s390x/-/sharp-libvips-linux-s390x-1.0.4.tgz#f8a5eb1f374a082f72b3f45e2fb25b8118a8a5ce"
  integrity sha512-u7Wz6ntiSSgGSGcjZ55im6uvTrOxSIS8/dgoVMoiGE9I6JAfU50yH5BoDlYA1tcuGS7g/QNtetJnxA6QEsCVTA==

"@img/sharp-libvips-linux-x64@1.0.4":
  version "1.0.4"
  resolved "https://registry.yarnpkg.com/@img/sharp-libvips-linux-x64/-/sharp-libvips-linux-x64-1.0.4.tgz#d4c4619cdd157774906e15770ee119931c7ef5e0"
  integrity sha512-MmWmQ3iPFZr0Iev+BAgVMb3ZyC4KeFc3jFxnNbEPas60e1cIfevbtuyf9nDGIzOaW9PdnDciJm+wFFaTlj5xYw==

"@img/sharp-libvips-linuxmusl-arm64@1.0.4":
  version "1.0.4"
  resolved "https://registry.yarnpkg.com/@img/sharp-libvips-linuxmusl-arm64/-/sharp-libvips-linuxmusl-arm64-1.0.4.tgz#166778da0f48dd2bded1fa3033cee6b588f0d5d5"
  integrity sha512-9Ti+BbTYDcsbp4wfYib8Ctm1ilkugkA/uscUn6UXK1ldpC1JjiXbLfFZtRlBhjPZ5o1NCLiDbg8fhUPKStHoTA==

"@img/sharp-libvips-linuxmusl-x64@1.0.4":
  version "1.0.4"
  resolved "https://registry.yarnpkg.com/@img/sharp-libvips-linuxmusl-x64/-/sharp-libvips-linuxmusl-x64-1.0.4.tgz#93794e4d7720b077fcad3e02982f2f1c246751ff"
  integrity sha512-viYN1KX9m+/hGkJtvYYp+CCLgnJXwiQB39damAO7WMdKWlIhmYTfHjwSbQeUK/20vY154mwezd9HflVFM1wVSw==

"@img/sharp-linux-arm64@0.33.5":
  version "0.33.5"
  resolved "https://registry.yarnpkg.com/@img/sharp-linux-arm64/-/sharp-linux-arm64-0.33.5.tgz#edb0697e7a8279c9fc829a60fc35644c4839bb22"
  integrity sha512-JMVv+AMRyGOHtO1RFBiJy/MBsgz0x4AWrT6QoEVVTyh1E39TrCUpTRI7mx9VksGX4awWASxqCYLCV4wBZHAYxA==
  optionalDependencies:
    "@img/sharp-libvips-linux-arm64" "1.0.4"

"@img/sharp-linux-arm@0.33.5":
  version "0.33.5"
  resolved "https://registry.yarnpkg.com/@img/sharp-linux-arm/-/sharp-linux-arm-0.33.5.tgz#422c1a352e7b5832842577dc51602bcd5b6f5eff"
  integrity sha512-JTS1eldqZbJxjvKaAkxhZmBqPRGmxgu+qFKSInv8moZ2AmT5Yib3EQ1c6gp493HvrvV8QgdOXdyaIBrhvFhBMQ==
  optionalDependencies:
    "@img/sharp-libvips-linux-arm" "1.0.5"

"@img/sharp-linux-s390x@0.33.5":
  version "0.33.5"
  resolved "https://registry.yarnpkg.com/@img/sharp-linux-s390x/-/sharp-linux-s390x-0.33.5.tgz#f5c077926b48e97e4a04d004dfaf175972059667"
  integrity sha512-y/5PCd+mP4CA/sPDKl2961b+C9d+vPAveS33s6Z3zfASk2j5upL6fXVPZi7ztePZ5CuH+1kW8JtvxgbuXHRa4Q==
  optionalDependencies:
    "@img/sharp-libvips-linux-s390x" "1.0.4"

"@img/sharp-linux-x64@0.33.5":
  version "0.33.5"
  resolved "https://registry.yarnpkg.com/@img/sharp-linux-x64/-/sharp-linux-x64-0.33.5.tgz#d806e0afd71ae6775cc87f0da8f2d03a7c2209cb"
  integrity sha512-opC+Ok5pRNAzuvq1AG0ar+1owsu842/Ab+4qvU879ippJBHvyY5n2mxF1izXqkPYlGuP/M556uh53jRLJmzTWA==
  optionalDependencies:
    "@img/sharp-libvips-linux-x64" "1.0.4"

"@img/sharp-linuxmusl-arm64@0.33.5":
  version "0.33.5"
  resolved "https://registry.yarnpkg.com/@img/sharp-linuxmusl-arm64/-/sharp-linuxmusl-arm64-0.33.5.tgz#252975b915894fb315af5deea174651e208d3d6b"
  integrity sha512-XrHMZwGQGvJg2V/oRSUfSAfjfPxO+4DkiRh6p2AFjLQztWUuY/o8Mq0eMQVIY7HJ1CDQUJlxGGZRw1a5bqmd1g==
  optionalDependencies:
    "@img/sharp-libvips-linuxmusl-arm64" "1.0.4"

"@img/sharp-linuxmusl-x64@0.33.5":
  version "0.33.5"
  resolved "https://registry.yarnpkg.com/@img/sharp-linuxmusl-x64/-/sharp-linuxmusl-x64-0.33.5.tgz#3f4609ac5d8ef8ec7dadee80b560961a60fd4f48"
  integrity sha512-WT+d/cgqKkkKySYmqoZ8y3pxx7lx9vVejxW/W4DOFMYVSkErR+w7mf2u8m/y4+xHe7yY9DAXQMWQhpnMuFfScw==
  optionalDependencies:
    "@img/sharp-libvips-linuxmusl-x64" "1.0.4"

"@img/sharp-wasm32@0.33.5":
  version "0.33.5"
  resolved "https://registry.yarnpkg.com/@img/sharp-wasm32/-/sharp-wasm32-0.33.5.tgz#6f44f3283069d935bb5ca5813153572f3e6f61a1"
  integrity sha512-ykUW4LVGaMcU9lu9thv85CbRMAwfeadCJHRsg2GmeRa/cJxsVY9Rbd57JcMxBkKHag5U/x7TSBpScF4U8ElVzg==
  dependencies:
    "@emnapi/runtime" "^1.2.0"

"@img/sharp-win32-ia32@0.33.5":
  version "0.33.5"
  resolved "https://registry.yarnpkg.com/@img/sharp-win32-ia32/-/sharp-win32-ia32-0.33.5.tgz#1a0c839a40c5351e9885628c85f2e5dfd02b52a9"
  integrity sha512-T36PblLaTwuVJ/zw/LaH0PdZkRz5rd3SmMHX8GSmR7vtNSP5Z6bQkExdSK7xGWyxLw4sUknBuugTelgw2faBbQ==

"@img/sharp-win32-x64@0.33.5":
  version "0.33.5"
  resolved "https://registry.yarnpkg.com/@img/sharp-win32-x64/-/sharp-win32-x64-0.33.5.tgz#56f00962ff0c4e0eb93d34a047d29fa995e3e342"
  integrity sha512-MpY/o8/8kj+EcnxwvrP4aTJSWw/aZ7JIGR4aBeZkZw5B7/Jn+tY9/VNwtcoGmdT7GfggGIU4kygOMSbYnOrAbg==

"@next/env@14.2.13":
  version "14.2.13"
  resolved "https://registry.yarnpkg.com/@next/env/-/env-14.2.13.tgz#ba341ba9eb70db428fc1c754f49c3c516f7bab47"
  integrity sha512-s3lh6K8cbW1h5Nga7NNeXrbe0+2jIIYK9YaA9T7IufDWnZpozdFUp6Hf0d5rNWUKu4fEuSX2rCKlGjCrtylfDw==

"@next/env@15.1.6":
  version "15.1.6"
  resolved "https://registry.yarnpkg.com/@next/env/-/env-15.1.6.tgz#2fa863d8c568a56b1c8328a86e621b8bdd4f2a20"
  integrity sha512-d9AFQVPEYNr+aqokIiPLNK/MTyt3DWa/dpKveiAaVccUadFbhFEvY6FXYX2LJO2Hv7PHnLBu2oWwB4uBuHjr/w==

"@next/swc-darwin-arm64@14.2.13":
  version "14.2.13"
  resolved "https://registry.yarnpkg.com/@next/swc-darwin-arm64/-/swc-darwin-arm64-14.2.13.tgz#76f08d78360c4d27d444df7f35a56f59a48f4808"
  integrity sha512-IkAmQEa2Htq+wHACBxOsslt+jMoV3msvxCn0WFSfJSkv/scy+i/EukBKNad36grRxywaXUYJc9mxEGkeIs8Bzg==

"@next/swc-darwin-arm64@15.1.6":
  version "15.1.6"
  resolved "https://registry.yarnpkg.com/@next/swc-darwin-arm64/-/swc-darwin-arm64-15.1.6.tgz#92f99badab6cb41f4c5c11a3feffa574bd6a9276"
  integrity sha512-u7lg4Mpl9qWpKgy6NzEkz/w0/keEHtOybmIl0ykgItBxEM5mYotS5PmqTpo+Rhg8FiOiWgwr8USxmKQkqLBCrw==

"@next/swc-darwin-x64@14.2.13":
  version "14.2.13"
  resolved "https://registry.yarnpkg.com/@next/swc-darwin-x64/-/swc-darwin-x64-14.2.13.tgz#1d4821d54bb01dacc6a6c32408f8468a4f4af269"
  integrity sha512-Dv1RBGs2TTjkwEnFMVL5XIfJEavnLqqwYSD6LXgTPdEy/u6FlSrLBSSfe1pcfqhFEXRAgVL3Wpjibe5wXJzWog==

"@next/swc-darwin-x64@15.1.6":
  version "15.1.6"
  resolved "https://registry.yarnpkg.com/@next/swc-darwin-x64/-/swc-darwin-x64-15.1.6.tgz#f56f4f8d5f6cb5d3915912ac95590d387f897da5"
  integrity sha512-x1jGpbHbZoZ69nRuogGL2MYPLqohlhnT9OCU6E6QFewwup+z+M6r8oU47BTeJcWsF2sdBahp5cKiAcDbwwK/lg==

"@next/swc-linux-arm64-gnu@14.2.13":
  version "14.2.13"
  resolved "https://registry.yarnpkg.com/@next/swc-linux-arm64-gnu/-/swc-linux-arm64-gnu-14.2.13.tgz#79d9af8d3408df9990c8911889eca1ca6a308f19"
  integrity sha512-yB1tYEFFqo4ZNWkwrJultbsw7NPAAxlPXURXioRl9SdW6aIefOLS+0TEsKrWBtbJ9moTDgU3HRILL6QBQnMevg==

"@next/swc-linux-arm64-gnu@15.1.6":
  version "15.1.6"
  resolved "https://registry.yarnpkg.com/@next/swc-linux-arm64-gnu/-/swc-linux-arm64-gnu-15.1.6.tgz#0aaffae519c93d1006419d7b98c34ebfd80ecacd"
  integrity sha512-jar9sFw0XewXsBzPf9runGzoivajeWJUc/JkfbLTC4it9EhU8v7tCRLH7l5Y1ReTMN6zKJO0kKAGqDk8YSO2bg==

"@next/swc-linux-arm64-musl@14.2.13":
  version "14.2.13"
  resolved "https://registry.yarnpkg.com/@next/swc-linux-arm64-musl/-/swc-linux-arm64-musl-14.2.13.tgz#b13180645865b120591db2f1e831743ebc02ab36"
  integrity sha512-v5jZ/FV/eHGoWhMKYrsAweQ7CWb8xsWGM/8m1mwwZQ/sutJjoFaXchwK4pX8NqwImILEvQmZWyb8pPTcP7htWg==

"@next/swc-linux-arm64-musl@15.1.6":
  version "15.1.6"
  resolved "https://registry.yarnpkg.com/@next/swc-linux-arm64-musl/-/swc-linux-arm64-musl-15.1.6.tgz#e7398d3d31ca60033f708a718cd6c31edcee2e9a"
  integrity sha512-+n3u//bfsrIaZch4cgOJ3tXCTbSxz0s6brJtU3SzLOvkJlPQMJ+eHVRi6qM2kKKKLuMY+tcau8XD9CJ1OjeSQQ==

"@next/swc-linux-x64-gnu@14.2.13":
  version "14.2.13"
  resolved "https://registry.yarnpkg.com/@next/swc-linux-x64-gnu/-/swc-linux-x64-gnu-14.2.13.tgz#8cb8480dfeee512648e4e08c2095aac0461b876f"
  integrity sha512-aVc7m4YL7ViiRv7SOXK3RplXzOEe/qQzRA5R2vpXboHABs3w8vtFslGTz+5tKiQzWUmTmBNVW0UQdhkKRORmGA==

"@next/swc-linux-x64-gnu@15.1.6":
  version "15.1.6"
  resolved "https://registry.yarnpkg.com/@next/swc-linux-x64-gnu/-/swc-linux-x64-gnu-15.1.6.tgz#d76c72508f4d79d6016cab0c52640b93e590cffb"
  integrity sha512-SpuDEXixM3PycniL4iVCLyUyvcl6Lt0mtv3am08sucskpG0tYkW1KlRhTgj4LI5ehyxriVVcfdoxuuP8csi3kQ==

"@next/swc-linux-x64-musl@14.2.13":
  version "14.2.13"
  resolved "https://registry.yarnpkg.com/@next/swc-linux-x64-musl/-/swc-linux-x64-musl-14.2.13.tgz#df5ca922fa1e1ee81b15a06a2d3d3ace0efd2bd7"
  integrity sha512-4wWY7/OsSaJOOKvMsu1Teylku7vKyTuocvDLTZQq0TYv9OjiYYWt63PiE1nTuZnqQ4RPvME7Xai+9enoiN0Wrg==

"@next/swc-linux-x64-musl@15.1.6":
  version "15.1.6"
  resolved "https://registry.yarnpkg.com/@next/swc-linux-x64-musl/-/swc-linux-x64-musl-15.1.6.tgz#0b8ba80a53e65bf8970ed11ea923001e2512c7cb"
  integrity sha512-L4druWmdFSZIIRhF+G60API5sFB7suTbDRhYWSjiw0RbE+15igQvE2g2+S973pMGvwN3guw7cJUjA/TmbPWTHQ==

"@next/swc-win32-arm64-msvc@14.2.13":
  version "14.2.13"
  resolved "https://registry.yarnpkg.com/@next/swc-win32-arm64-msvc/-/swc-win32-arm64-msvc-14.2.13.tgz#8a7db6e71f526212587975f743b28e4d1cb829d1"
  integrity sha512-uP1XkqCqV2NVH9+g2sC7qIw+w2tRbcMiXFEbMihkQ8B1+V6m28sshBwAB0SDmOe0u44ne1vFU66+gx/28RsBVQ==

"@next/swc-win32-arm64-msvc@15.1.6":
  version "15.1.6"
  resolved "https://registry.yarnpkg.com/@next/swc-win32-arm64-msvc/-/swc-win32-arm64-msvc-15.1.6.tgz#81b5dbbfdada2c05deef688e799af4a24097b65f"
  integrity sha512-s8w6EeqNmi6gdvM19tqKKWbCyOBvXFbndkGHl+c9YrzsLARRdCHsD9S1fMj8gsXm9v8vhC8s3N8rjuC/XrtkEg==

"@next/swc-win32-ia32-msvc@14.2.13":
  version "14.2.13"
  resolved "https://registry.yarnpkg.com/@next/swc-win32-ia32-msvc/-/swc-win32-ia32-msvc-14.2.13.tgz#6aa664f36f2d70c5ae6ffcbbc56784d33f24522d"
  integrity sha512-V26ezyjPqQpDBV4lcWIh8B/QICQ4v+M5Bo9ykLN+sqeKKBxJVDpEc6biDVyluTXTC40f5IqCU0ttth7Es2ZuMw==

"@next/swc-win32-x64-msvc@14.2.13":
  version "14.2.13"
  resolved "https://registry.yarnpkg.com/@next/swc-win32-x64-msvc/-/swc-win32-x64-msvc-14.2.13.tgz#5a920eea82a58affa6146192586716cec6c87fed"
  integrity sha512-WwzOEAFBGhlDHE5Z73mNU8CO8mqMNLqaG+AO9ETmzdCQlJhVtWZnOl2+rqgVQS+YHunjOWptdFmNfbpwcUuEsw==

"@next/swc-win32-x64-msvc@15.1.6":
  version "15.1.6"
  resolved "https://registry.yarnpkg.com/@next/swc-win32-x64-msvc/-/swc-win32-x64-msvc-15.1.6.tgz#131993c45ffd124fb4b15258e2f3f9669c143e3c"
  integrity sha512-6xomMuu54FAFxttYr5PJbEfu96godcxBTRk1OhAvJq0/EnmFU/Ybiax30Snis4vdWZ9LGpf7Roy5fSs7v/5ROQ==

"@react-aria/focus@^3.17.1":
  version "3.20.0"
  resolved "https://registry.yarnpkg.com/@react-aria/focus/-/focus-3.20.0.tgz#eb46f9f285c17a5357d09c3ded65aaa6a23e1f6d"
  integrity sha512-KXZCwWzwnmtUo6xhnyV26ptxlxmqd0Reez7axduqqqeDDgDZOVscoo/5gFg71fdPZmnDC8MyUK1vxSbMhOTrGg==
  dependencies:
    "@react-aria/interactions" "^3.24.0"
    "@react-aria/utils" "^3.28.0"
    "@react-types/shared" "^3.28.0"
    "@swc/helpers" "^0.5.0"
    clsx "^2.0.0"

"@react-aria/interactions@^3.21.3", "@react-aria/interactions@^3.24.0":
  version "3.24.0"
  resolved "https://registry.yarnpkg.com/@react-aria/interactions/-/interactions-3.24.0.tgz#5502ff5049578a6ae8cdbc3d96d64fb6ceeef362"
  integrity sha512-6Zdhp1pswyPgbwEWzvXARdKAWPjP7mACczoIUvlEQiMsX04fuizBiBLAA+W/5mPe17pbJYHA/rxZF5Y5m+M0Ng==
  dependencies:
    "@react-aria/ssr" "^3.9.7"
    "@react-aria/utils" "^3.28.0"
    "@react-stately/flags" "^3.1.0"
    "@react-types/shared" "^3.28.0"
    "@swc/helpers" "^0.5.0"

"@react-aria/ssr@^3.9.7":
  version "3.9.7"
  resolved "https://registry.yarnpkg.com/@react-aria/ssr/-/ssr-3.9.7.tgz#d89d129f7bbc5148657e6c952ac31c9353183770"
  integrity sha512-GQygZaGlmYjmYM+tiNBA5C6acmiDWF52Nqd40bBp0Znk4M4hP+LTmI0lpI1BuKMw45T8RIhrAsICIfKwZvi2Gg==
  dependencies:
    "@swc/helpers" "^0.5.0"

"@react-aria/utils@^3.28.0":
  version "3.28.0"
  resolved "https://registry.yarnpkg.com/@react-aria/utils/-/utils-3.28.0.tgz#8b524815bb368c16efa1aba04a5d92b7014624ee"
  integrity sha512-FfpvpADk61OvEnFe37k6jF1zr5gtafIPN9ccJRnPCTqrzuExag01mGi+wX/hWyFK0zAe1OjWf1zFOX3FsFvikg==
  dependencies:
    "@react-aria/ssr" "^3.9.7"
    "@react-stately/flags" "^3.1.0"
    "@react-stately/utils" "^3.10.5"
    "@react-types/shared" "^3.28.0"
    "@swc/helpers" "^0.5.0"
    clsx "^2.0.0"

"@react-stately/flags@^3.1.0":
  version "3.1.0"
  resolved "https://registry.yarnpkg.com/@react-stately/flags/-/flags-3.1.0.tgz#04a97edb487c6ca6723397315ca7257b5bd8708b"
  integrity sha512-KSHOCxTFpBtxhIRcKwsD1YDTaNxFtCYuAUb0KEihc16QwqZViq4hasgPBs2gYm7fHRbw7WYzWKf6ZSo/+YsFlg==
  dependencies:
    "@swc/helpers" "^0.5.0"

"@react-stately/utils@^3.10.5":
  version "3.10.5"
  resolved "https://registry.yarnpkg.com/@react-stately/utils/-/utils-3.10.5.tgz#47bb91cd5afd1bafe39353614e5e281b818ebccc"
  integrity sha512-iMQSGcpaecghDIh3mZEpZfoFH3ExBwTtuBEcvZ2XnGzCgQjeYXcMdIUwAfVQLXFTdHUHGF6Gu6/dFrYsCzySBQ==
  dependencies:
    "@swc/helpers" "^0.5.0"

"@react-types/shared@^3.28.0":
  version "3.28.0"
  resolved "https://registry.yarnpkg.com/@react-types/shared/-/shared-3.28.0.tgz#7b4b5485b758228bdbe31ecae66ed07a29e2be4d"
  integrity sha512-9oMEYIDc3sk0G5rysnYvdNrkSg7B04yTKl50HHSZVbokeHpnU0yRmsDaWb9B/5RprcKj8XszEk5guBO8Sa/Q+Q==

"@swc/counter@0.1.3", "@swc/counter@^0.1.3":
  version "0.1.3"
  resolved "https://registry.yarnpkg.com/@swc/counter/-/counter-0.1.3.tgz#cc7463bd02949611c6329596fccd2b0ec782b0e9"
  integrity sha512-e2BR4lsJkkRlKZ/qCHPw9ZaSxc0MVUd7gtbtaB7aMvHeJVYe8sOB8DBZkP2DtISHGSku9sCK6T6cnY0CtXrOCQ==

"@swc/helpers@0.5.15", "@swc/helpers@^0.5.0":
  version "0.5.15"
  resolved "https://registry.yarnpkg.com/@swc/helpers/-/helpers-0.5.15.tgz#79efab344c5819ecf83a43f3f9f811fc84b516d7"
  integrity sha512-JQ5TuMi45Owi4/BIMAJBoSQoOJu12oOk/gADqlcUL9JEdHB8vyjUSsxqeNXnmXHjYKMi2WcYtezGEEhqUI/E2g==
  dependencies:
    tslib "^2.8.0"

"@swc/helpers@0.5.5":
  version "0.5.5"
  resolved "https://registry.yarnpkg.com/@swc/helpers/-/helpers-0.5.5.tgz#12689df71bfc9b21c4f4ca00ae55f2f16c8b77c0"
  integrity sha512-KGYxvIOXcceOAbEk4bi/dVLEK9z8sZ0uBB3Il5b1rhfClSpcX0yfRO0KmTkqR2cnQDymwLB+25ZyMzICg/cm/A==
  dependencies:
    "@swc/counter" "^0.1.3"
    tslib "^2.4.0"

"@tailwindcss/forms@^0.5.10":
  version "0.5.10"
  resolved "https://registry.yarnpkg.com/@tailwindcss/forms/-/forms-0.5.10.tgz#0a1cd67b6933402f1985a04595bd24f9785aa302"
  integrity sha512-utI1ONF6uf/pPNO68kmN1b8rEwNXv3czukalo8VtJH8ksIkZXr3Q3VYudZLkCsDd4Wku120uF02hYK25XGPorw==
  dependencies:
    mini-svg-data-uri "^1.2.3"

"@tailwindcss/node@4.0.11":
  version "4.0.11"
  resolved "https://registry.yarnpkg.com/@tailwindcss/node/-/node-4.0.11.tgz#0d635f7e4fb4407f61da2e81404e7dfb8ce500c9"
  integrity sha512-y1Ko/QaZh6Fv8sSOOPpRztT8nvNKSetvE4CLxsDdyY5kkBS7hKq04D3y3ldelniWe6YqRIzBHTzfAIc1hZ+0FA==
  dependencies:
    enhanced-resolve "^5.18.1"
    jiti "^2.4.2"
    tailwindcss "4.0.11"

"@tailwindcss/oxide-android-arm64@4.0.11":
  version "4.0.11"
  resolved "https://registry.yarnpkg.com/@tailwindcss/oxide-android-arm64/-/oxide-android-arm64-4.0.11.tgz#10b6d2f6716d0fcfe90a0334f4721a5f69648f53"
  integrity sha512-6gGLTOwR3WNh63pUnY6znRY7XiLRVmvyAkQRdyRxPquNIZ7lTeqWlZcxt5Gtlh1VzZXkQ8OWyYte8ZBnulhvwA==

"@tailwindcss/oxide-darwin-arm64@4.0.11":
  version "4.0.11"
  resolved "https://registry.yarnpkg.com/@tailwindcss/oxide-darwin-arm64/-/oxide-darwin-arm64-4.0.11.tgz#220268b7d0c80f3bde34c51b2214cf919e1fbc3d"
  integrity sha512-CM5SF53zzqYqQQGlP6N94zTliUi2FxW4itr223xb2PWgbwf48JTE2P6DNrA5DHOxacIliiCYiBzmKGwKdGMu8w==

"@tailwindcss/oxide-darwin-x64@4.0.11":
  version "4.0.11"
  resolved "https://registry.yarnpkg.com/@tailwindcss/oxide-darwin-x64/-/oxide-darwin-x64-4.0.11.tgz#428ee985db23879d0389895336603444bce1d559"
  integrity sha512-YB1LJC04O3UugV0egl3jnpXWyJIlcV7oVb0cplcqG0aP6nPYH0SqmD+ysbOrl6Ti1qAVuOHnfJvnAup2hbXMgw==

"@tailwindcss/oxide-freebsd-x64@4.0.11":
  version "4.0.11"
  resolved "https://registry.yarnpkg.com/@tailwindcss/oxide-freebsd-x64/-/oxide-freebsd-x64-4.0.11.tgz#1dc50a5c63ca2447c959c12e529933a0d6917c6e"
  integrity sha512-tK63Mi/kbU5GVZFkUH+zLL/G0yiRGY15MU2xFUa3H2q2px4IuWJTWRmv6iPOcZm3kYpsh+0C+dSoz0lDEknENg==

"@tailwindcss/oxide-linux-arm-gnueabihf@4.0.11":
  version "4.0.11"
  resolved "https://registry.yarnpkg.com/@tailwindcss/oxide-linux-arm-gnueabihf/-/oxide-linux-arm-gnueabihf-4.0.11.tgz#e7ce8aece8980e9877086a61db1d98d599c5bea9"
  integrity sha512-vMJPxCQtdhqGGw1MOQnPJ6hyh5BR5EQhRXJk9Ji/1oo2P1chgEaPuGYGZGdZMy9bnFaufnjae0liqk6E3SNTFw==

"@tailwindcss/oxide-linux-arm64-gnu@4.0.11":
  version "4.0.11"
  resolved "https://registry.yarnpkg.com/@tailwindcss/oxide-linux-arm64-gnu/-/oxide-linux-arm64-gnu-4.0.11.tgz#b588595b828c8b8be9c81935bd85da780024f5d6"
  integrity sha512-5qac6Wps9vCwkQcgyw+VlJvXkdGoOnJp8eK3TaKpZ3fTQozGgvy/AyimV8I7I4ZjU6mTjuQbZe1CPP/cuG+Ldw==

"@tailwindcss/oxide-linux-arm64-musl@4.0.11":
  version "4.0.11"
  resolved "https://registry.yarnpkg.com/@tailwindcss/oxide-linux-arm64-musl/-/oxide-linux-arm64-musl-4.0.11.tgz#52ad8505cb38e824b4f33ceec4d8b2b1bdca1e28"
  integrity sha512-hR/Lw7QgODodKLpf37+ohJJZjYEJLg6c+h3nIXJ6eLYDbCZjJ0Z0+jHP0rHXyGab7JL+QlIksNuNbJjj+2qpsw==

"@tailwindcss/oxide-linux-x64-gnu@4.0.11":
  version "4.0.11"
  resolved "https://registry.yarnpkg.com/@tailwindcss/oxide-linux-x64-gnu/-/oxide-linux-x64-gnu-4.0.11.tgz#81c5bc03d5d2141e36e17dc87baa26a170b96c67"
  integrity sha512-4aCBYzU2SyFUw/dSP3SYAaeo3I7+c6to9acqXAl/Y5XnAO3q6SBrjw2sU2RG7f5Yi+jxevFh4BcOS5ofhhoTIA==

"@tailwindcss/oxide-linux-x64-musl@4.0.11":
  version "4.0.11"
  resolved "https://registry.yarnpkg.com/@tailwindcss/oxide-linux-x64-musl/-/oxide-linux-x64-musl-4.0.11.tgz#0dca7f106815c85ff6744dda25bde32fa33fab03"
  integrity sha512-Y5j5Yp3lRcgyzOF+CY+u54aUUtvZ6OwiVPeILE3wqbsDA6X3UiUpVr8tW2eREERld0gELfXG8TyNAtDsBIOHwA==

"@tailwindcss/oxide-win32-arm64-msvc@4.0.11":
  version "4.0.11"
  resolved "https://registry.yarnpkg.com/@tailwindcss/oxide-win32-arm64-msvc/-/oxide-win32-arm64-msvc-4.0.11.tgz#3271c1266f6c428189592d09b3221a2ecb510863"
  integrity sha512-ofgW1IugQDJR+fGJUZMniwTzrwHvaw6wpoOE1mIXBFP2wWoDjvNTXUJyMDxF2N6UypXGYCJMDdEohB1CyWf9cg==

"@tailwindcss/oxide-win32-x64-msvc@4.0.11":
  version "4.0.11"
  resolved "https://registry.yarnpkg.com/@tailwindcss/oxide-win32-x64-msvc/-/oxide-win32-x64-msvc-4.0.11.tgz#c96a2ae7827caa60149094399d2f997a2d88ab73"
  integrity sha512-jUDa1xZNVPuarkEbwxh8aFQ3oagDQRYXcPmfsiDZ2IAxcYnE8YPNbA2HvFxJowppnnu/v/xdWvneN24VBr1Zpw==

"@tailwindcss/oxide@4.0.11":
  version "4.0.11"
  resolved "https://registry.yarnpkg.com/@tailwindcss/oxide/-/oxide-4.0.11.tgz#fa387b2c13979432c12064ce9b1e22914170ea43"
  integrity sha512-vpR3j69boI64ftpDbbC2NPXhbF7LEkBbQ/Ol1mSU9medtdcmabMiEPlN9FtvE2IkoXZpiDM1utSsdutZSka9Cg==
  optionalDependencies:
    "@tailwindcss/oxide-android-arm64" "4.0.11"
    "@tailwindcss/oxide-darwin-arm64" "4.0.11"
    "@tailwindcss/oxide-darwin-x64" "4.0.11"
    "@tailwindcss/oxide-freebsd-x64" "4.0.11"
    "@tailwindcss/oxide-linux-arm-gnueabihf" "4.0.11"
    "@tailwindcss/oxide-linux-arm64-gnu" "4.0.11"
    "@tailwindcss/oxide-linux-arm64-musl" "4.0.11"
    "@tailwindcss/oxide-linux-x64-gnu" "4.0.11"
    "@tailwindcss/oxide-linux-x64-musl" "4.0.11"
    "@tailwindcss/oxide-win32-arm64-msvc" "4.0.11"
    "@tailwindcss/oxide-win32-x64-msvc" "4.0.11"

"@tailwindcss/postcss@^4.0.3":
  version "4.0.11"
  resolved "https://registry.yarnpkg.com/@tailwindcss/postcss/-/postcss-4.0.11.tgz#3f524e73a2aec0765512149a3f3f964a63bb5d4b"
  integrity sha512-bhHxHe1NEvh3rKSzJqXYJ8E1MDPAMKc0/5qwRdy+6Ed8PqyicwE1l9zPvt6iZJgIIA1PPX6VF80PDluFe8tyXg==
  dependencies:
    "@alloc/quick-lru" "^5.2.0"
    "@tailwindcss/node" "4.0.11"
    "@tailwindcss/oxide" "4.0.11"
    lightningcss "^1.29.1"
    postcss "^8.4.41"
    tailwindcss "4.0.11"

"@tanstack/react-virtual@^3.8.1":
  version "3.13.2"
  resolved "https://registry.yarnpkg.com/@tanstack/react-virtual/-/react-virtual-3.13.2.tgz#87da8f7010a12370db87dcc98ac410981c0c57fc"
  integrity sha512-LceSUgABBKF6HSsHK2ZqHzQ37IKV/jlaWbHm+NyTa3/WNb/JZVcThDuTainf+PixltOOcFCYXwxbLpOX9sCx+g==
  dependencies:
    "@tanstack/virtual-core" "3.13.2"

"@tanstack/virtual-core@3.13.2":
  version "3.13.2"
  resolved "https://registry.yarnpkg.com/@tanstack/virtual-core/-/virtual-core-3.13.2.tgz#132fde09a19cc4b10dff24a2df1fc7be40635866"
  integrity sha512-Qzz4EgzMbO5gKrmqUondCjiHcuu4B1ftHb0pjCut661lXZdGoHeze9f/M8iwsK1t5LGR6aNuNGU7mxkowaW6RQ==

"@typebot.io/js@0.3.73":
  version "0.3.73"
  resolved "https://registry.yarnpkg.com/@typebot.io/js/-/js-0.3.73.tgz#a250082e8108e3a2d2bafdd9a67c3b4c1d104b63"
  integrity sha512-SqRYX4r6HIufu07tcjT4nJkTJR+FdmsGgh+nT+Xla8iO13E+hF4AXvCbDllPGiIjiRsAHCYzDDaqIj0XnUQwMw==

"@typebot.io/nextjs@^0.3.76":
  version "0.3.76"
  resolved "https://registry.yarnpkg.com/@typebot.io/nextjs/-/nextjs-0.3.76.tgz#946d71f50dfc0264fbc5ba23f3cfd0d9c4db29d9"
  integrity sha512-+Ju4SABhe2h/IdTeKqI5QM8ylsjaz0tbt2n5MjQy2hrXfvn8LHpNgWpWUm9+3YUnkXObkc0p25cJq4d8fbGKgw==
  dependencies:
    "@typebot.io/js" "0.3.73"
    next "14.2.13"
    react "18.3.1"

"@types/aos@^3.0.7":
  version "3.0.7"
  resolved "https://registry.yarnpkg.com/@types/aos/-/aos-3.0.7.tgz#81c60dde68d67b7ea941a37ec3638b88ac90001c"
  integrity sha512-sEhyFqvKauUJZDbvAB3Pggynrq6g+2PS4XB3tmUr+mDL1gfDJnwslUC4QQ7/l8UD+LWpr3RxZVR/rHoZrLqZVg==

"@types/node@^22.13.0":
  version "22.13.9"
  resolved "https://registry.yarnpkg.com/@types/node/-/node-22.13.9.tgz#5d9a8f7a975a5bd3ef267352deb96fb13ec02eca"
  integrity sha512-acBjXdRJ3A6Pb3tqnw9HZmyR3Fiol3aGxRCK1x3d+6CDAMjl7I649wpSd+yNURCjbOUGu9tqtLKnTGxmK6CyGw==
  dependencies:
    undici-types "~6.20.0"

"@types/react-dom@19.0.3":
  version "19.0.3"
  resolved "https://registry.yarnpkg.com/@types/react-dom/-/react-dom-19.0.3.tgz#0804dfd279a165d5a0ad8b53a5b9e65f338050a4"
  integrity sha512-0Knk+HJiMP/qOZgMyNFamlIjw9OFCsyC2ZbigmEEyXXixgre6IQpm/4V+r3qH4GC1JPvRJKInw+on2rV6YZLeA==

"@types/react@19.0.8":
  version "19.0.8"
  resolved "https://registry.yarnpkg.com/@types/react/-/react-19.0.8.tgz#7098e6159f2a61e4f4cef2c1223c044a9bec590e"
  integrity sha512-9P/o1IGdfmQxrujGbIMDyYaaCykhLKc0NGCtYcECNUr9UAaDe4gwvV9bR6tvd5Br1SG0j+PBpbKr2UYY8CwqSw==
  dependencies:
    csstype "^3.0.2"

aos@3.0.0-beta.6:
  version "3.0.0-beta.6"
  resolved "https://registry.yarnpkg.com/aos/-/aos-3.0.0-beta.6.tgz#75148e3be4bb1add53f5a1828623bf82b67691e9"
  integrity sha512-VLWrpq8bfAWcetynVHMMrqdC+89Qq/Ym6UBJbHB4crIwp3RR8uq1dNGgsFzoDl03S43rlVMK+na3r5+oUCZsYw==
  dependencies:
    classlist-polyfill "^1.2.0"
    lodash.debounce "^4.0.8"
    lodash.throttle "^4.1.1"

busboy@1.6.0:
  version "1.6.0"
  resolved "https://registry.yarnpkg.com/busboy/-/busboy-1.6.0.tgz#966ea36a9502e43cdb9146962523b92f531f6893"
  integrity sha512-8SFQbg/0hQ9xy3UNTB0YEnsNBbWfhf7RtnzpL7TkBiTBRfrQ9Fxcnz7VJsleJpyp6rVLvXiuORqjlHi5q+PYuA==
  dependencies:
    streamsearch "^1.1.0"

caniuse-lite@^1.0.30001579:
  version "1.0.30001702"
  resolved "https://registry.yarnpkg.com/caniuse-lite/-/caniuse-lite-1.0.30001702.tgz#cde16fa8adaa066c04aec2967b6cde46354644c4"
  integrity sha512-LoPe/D7zioC0REI5W73PeR1e1MLCipRGq/VkovJnd6Df+QVqT+vT33OXCp8QUd7kA7RZrHWxb1B36OQKI/0gOA==

classlist-polyfill@^1.2.0:
  version "1.2.0"
  resolved "https://registry.yarnpkg.com/classlist-polyfill/-/classlist-polyfill-1.2.0.tgz#935bc2dfd9458a876b279617514638bcaa964a2e"
  integrity sha512-GzIjNdcEtH4ieA2S8NmrSxv7DfEV5fmixQeyTmqmRmRJPGpRBaSnA2a0VrCjyT8iW8JjEdMbKzDotAJf+ajgaQ==

client-only@0.0.1:
  version "0.0.1"
  resolved "https://registry.yarnpkg.com/client-only/-/client-only-0.0.1.tgz#38bba5d403c41ab150bff64a95c85013cf73bca1"
  integrity sha512-IV3Ou0jSMzZrd3pZ48nLkT9DA7Ag1pnPzaiQhpW7c3RbcqqzvzzVu+L8gfqMp/8IM2MQtSiqaCxrrcfu8I8rMA==

clsx@^2.0.0:
  version "2.1.1"
  resolved "https://registry.yarnpkg.com/clsx/-/clsx-2.1.1.tgz#eed397c9fd8bd882bfb18deab7102049a2f32999"
  integrity sha512-eYm0QWBtUrBWZWG0d386OGAw16Z995PiOVo2B7bjWSbHedGl5e0ZWaq65kOGgUSNesEIDkB9ISbTg/JK9dhCZA==

color-convert@^2.0.1:
  version "2.0.1"
  resolved "https://registry.yarnpkg.com/color-convert/-/color-convert-2.0.1.tgz#72d3a68d598c9bdb3af2ad1e84f21d896abd4de3"
  integrity sha512-RRECPsj7iu/xb5oKYcsFHSppFNnsj/52OVTRKb4zP5onXwVF3zVmmToNcOfGC+CRDpfK/U584fMg38ZHCaElKQ==
  dependencies:
    color-name "~1.1.4"

color-name@^1.0.0, color-name@~1.1.4:
  version "1.1.4"
  resolved "https://registry.yarnpkg.com/color-name/-/color-name-1.1.4.tgz#c2a09a87acbde69543de6f63fa3995c826c536a2"
  integrity sha512-dOy+3AuW3a2wNbZHIuMZpTcgjGuLU/uBL/ubcZF9OXbDo8ff4O8yVp5Bf0efS8uEoYo5q4Fx7dY9OgQGXgAsQA==

color-string@^1.9.0:
  version "1.9.1"
  resolved "https://registry.yarnpkg.com/color-string/-/color-string-1.9.1.tgz#4467f9146f036f855b764dfb5bf8582bf342c7a4"
  integrity sha512-shrVawQFojnZv6xM40anx4CkoDP+fZsw/ZerEMsW/pyzsRbElpsL/DBVW7q3ExxwusdNXI3lXpuhEZkzs8p5Eg==
  dependencies:
    color-name "^1.0.0"
    simple-swizzle "^0.2.2"

color@^4.2.3:
  version "4.2.3"
  resolved "https://registry.yarnpkg.com/color/-/color-4.2.3.tgz#d781ecb5e57224ee43ea9627560107c0e0c6463a"
  integrity sha512-1rXeuUUiGGrykh+CeBdu5Ie7OJwinCgQY0bc7GCRxy5xVHy+moaqkpL/jqQq0MtQOeYcrqEz4abc5f0KtU7W4A==
  dependencies:
    color-convert "^2.0.1"
    color-string "^1.9.0"

csstype@^3.0.2:
  version "3.1.3"
  resolved "https://registry.yarnpkg.com/csstype/-/csstype-3.1.3.tgz#d80ff294d114fb0e6ac500fbf85b60137d7eff81"
  integrity sha512-M1uQkMl8rQK/szD0LNhtqxIPLpimGm8sOBwU7lLnCpSbTyY3yeU1Vc7l4KT5zT4s/yOxHH5O7tIuuLOCnLADRw==

detect-libc@^2.0.3:
  version "2.0.3"
  resolved "https://registry.yarnpkg.com/detect-libc/-/detect-libc-2.0.3.tgz#f0cd503b40f9939b894697d19ad50895e30cf700"
  integrity sha512-bwy0MGW55bG41VqxxypOsdSdGqLwXPI/focwgTYCFMbdUiBAxLg9CFzG08sz2aqzknwiX7Hkl0bQENjg8iLByw==

enhanced-resolve@^5.18.1:
  version "5.18.1"
  resolved "https://registry.yarnpkg.com/enhanced-resolve/-/enhanced-resolve-5.18.1.tgz#728ab082f8b7b6836de51f1637aab5d3b9568faf"
  integrity sha512-ZSW3ma5GkcQBIpwZTSRAI8N71Uuwgs93IezB7mf7R60tC8ZbJideoDNKjHn2O9KIlx6rkGTTEk1xUCK2E1Y2Yg==
  dependencies:
    graceful-fs "^4.2.4"
    tapable "^2.2.0"

graceful-fs@^4.2.11, graceful-fs@^4.2.4:
  version "4.2.11"
  resolved "https://registry.yarnpkg.com/graceful-fs/-/graceful-fs-4.2.11.tgz#4183e4e8bf08bb6e05bbb2f7d2e0c8f712ca40e3"
  integrity sha512-RbJ5/jmFcNNCcDV5o9eTnBLJ/HszWV0P73bc+Ff4nS/rJj+YaS6IGyiOL0VoBYX+l1Wrl3k63h/KrH+nhJ0XvQ==

is-arrayish@^0.3.1:
  version "0.3.2"
  resolved "https://registry.yarnpkg.com/is-arrayish/-/is-arrayish-0.3.2.tgz#4574a2ae56f7ab206896fb431eaeed066fdf8f03"
  integrity sha512-eVRqCvVlZbuw3GrM63ovNSNAeA1K16kaR/LRY/92w0zxQ5/1YzwblUX652i4Xs9RwAGjW9d9y6X88t8OaAJfWQ==

jiti@^2.4.2:
  version "2.4.2"
  resolved "https://registry.yarnpkg.com/jiti/-/jiti-2.4.2.tgz#d19b7732ebb6116b06e2038da74a55366faef560"
  integrity sha512-rg9zJN+G4n2nfJl5MW3BMygZX56zKPNVEYYqq7adpmMh4Jn2QNEwhvQlFy6jPVdcod7txZtKHWnyZiA3a0zP7A==

"js-tokens@^3.0.0 || ^4.0.0":
  version "4.0.0"
  resolved "https://registry.yarnpkg.com/js-tokens/-/js-tokens-4.0.0.tgz#19203fb59991df98e3a287050d4647cdeaf32499"
  integrity sha512-RdJUflcE3cUzKiMqQgsCu06FPu9UdIJO0beYbPhHN4k6apgJtifcoCtT9bcxOpYBtpD2kCM6Sbzg4CausW/PKQ==

lightningcss-darwin-arm64@1.29.2:
  version "1.29.2"
  resolved "https://registry.yarnpkg.com/lightningcss-darwin-arm64/-/lightningcss-darwin-arm64-1.29.2.tgz#6ceff38b01134af48e859394e1ca21e5d49faae6"
  integrity sha512-cK/eMabSViKn/PG8U/a7aCorpeKLMlK0bQeNHmdb7qUnBkNPnL+oV5DjJUo0kqWsJUapZsM4jCfYItbqBDvlcA==

lightningcss-darwin-x64@1.29.2:
  version "1.29.2"
  resolved "https://registry.yarnpkg.com/lightningcss-darwin-x64/-/lightningcss-darwin-x64-1.29.2.tgz#891b6f9e57682d794223c33463ca66d3af3fb038"
  integrity sha512-j5qYxamyQw4kDXX5hnnCKMf3mLlHvG44f24Qyi2965/Ycz829MYqjrVg2H8BidybHBp9kom4D7DR5VqCKDXS0w==

lightningcss-freebsd-x64@1.29.2:
  version "1.29.2"
  resolved "https://registry.yarnpkg.com/lightningcss-freebsd-x64/-/lightningcss-freebsd-x64-1.29.2.tgz#8a95f9ab73b2b2b0beefe1599fafa8b058938495"
  integrity sha512-wDk7M2tM78Ii8ek9YjnY8MjV5f5JN2qNVO+/0BAGZRvXKtQrBC4/cn4ssQIpKIPP44YXw6gFdpUF+Ps+RGsCwg==

lightningcss-linux-arm-gnueabihf@1.29.2:
  version "1.29.2"
  resolved "https://registry.yarnpkg.com/lightningcss-linux-arm-gnueabihf/-/lightningcss-linux-arm-gnueabihf-1.29.2.tgz#5c60bbf92b39d7ed51e363f7b98a7111bf5914a1"
  integrity sha512-IRUrOrAF2Z+KExdExe3Rz7NSTuuJ2HvCGlMKoquK5pjvo2JY4Rybr+NrKnq0U0hZnx5AnGsuFHjGnNT14w26sg==

lightningcss-linux-arm64-gnu@1.29.2:
  version "1.29.2"
  resolved "https://registry.yarnpkg.com/lightningcss-linux-arm64-gnu/-/lightningcss-linux-arm64-gnu-1.29.2.tgz#e73d7608c4cce034c3654e5e8b53be74846224de"
  integrity sha512-KKCpOlmhdjvUTX/mBuaKemp0oeDIBBLFiU5Fnqxh1/DZ4JPZi4evEH7TKoSBFOSOV3J7iEmmBaw/8dpiUvRKlQ==

lightningcss-linux-arm64-musl@1.29.2:
  version "1.29.2"
  resolved "https://registry.yarnpkg.com/lightningcss-linux-arm64-musl/-/lightningcss-linux-arm64-musl-1.29.2.tgz#a95a18d5a909831c092e0a8d2de4b9ac1a8db151"
  integrity sha512-Q64eM1bPlOOUgxFmoPUefqzY1yV3ctFPE6d/Vt7WzLW4rKTv7MyYNky+FWxRpLkNASTnKQUaiMJ87zNODIrrKQ==

lightningcss-linux-x64-gnu@1.29.2:
  version "1.29.2"
  resolved "https://registry.yarnpkg.com/lightningcss-linux-x64-gnu/-/lightningcss-linux-x64-gnu-1.29.2.tgz#551ca07e565394928642edee92acc042e546cb78"
  integrity sha512-0v6idDCPG6epLXtBH/RPkHvYx74CVziHo6TMYga8O2EiQApnUPZsbR9nFNrg2cgBzk1AYqEd95TlrsL7nYABQg==

lightningcss-linux-x64-musl@1.29.2:
  version "1.29.2"
  resolved "https://registry.yarnpkg.com/lightningcss-linux-x64-musl/-/lightningcss-linux-x64-musl-1.29.2.tgz#2fd164554340831bce50285b57101817850dd258"
  integrity sha512-rMpz2yawkgGT8RULc5S4WiZopVMOFWjiItBT7aSfDX4NQav6M44rhn5hjtkKzB+wMTRlLLqxkeYEtQ3dd9696w==

lightningcss-win32-arm64-msvc@1.29.2:
  version "1.29.2"
  resolved "https://registry.yarnpkg.com/lightningcss-win32-arm64-msvc/-/lightningcss-win32-arm64-msvc-1.29.2.tgz#da43ea49fafc5d2de38e016f1a8539d5eed98318"
  integrity sha512-nL7zRW6evGQqYVu/bKGK+zShyz8OVzsCotFgc7judbt6wnB2KbiKKJwBE4SGoDBQ1O94RjW4asrCjQL4i8Fhbw==

lightningcss-win32-x64-msvc@1.29.2:
  version "1.29.2"
  resolved "https://registry.yarnpkg.com/lightningcss-win32-x64-msvc/-/lightningcss-win32-x64-msvc-1.29.2.tgz#ddefaa099a39b725b2f5bbdcb9fc718435cc9797"
  integrity sha512-EdIUW3B2vLuHmv7urfzMI/h2fmlnOQBk1xlsDxkN1tCWKjNFjfLhGxYk8C8mzpSfr+A6jFFIi8fU6LbQGsRWjA==

lightningcss@^1.29.1:
  version "1.29.2"
  resolved "https://registry.yarnpkg.com/lightningcss/-/lightningcss-1.29.2.tgz#f5f0fd6e63292a232697e6fe709da5b47624def3"
  integrity sha512-6b6gd/RUXKaw5keVdSEtqFVdzWnU5jMxTUjA2bVcMNPLwSQ08Sv/UodBVtETLCn7k4S1Ibxwh7k68IwLZPgKaA==
  dependencies:
    detect-libc "^2.0.3"
  optionalDependencies:
    lightningcss-darwin-arm64 "1.29.2"
    lightningcss-darwin-x64 "1.29.2"
    lightningcss-freebsd-x64 "1.29.2"
    lightningcss-linux-arm-gnueabihf "1.29.2"
    lightningcss-linux-arm64-gnu "1.29.2"
    lightningcss-linux-arm64-musl "1.29.2"
    lightningcss-linux-x64-gnu "1.29.2"
    lightningcss-linux-x64-musl "1.29.2"
    lightningcss-win32-arm64-msvc "1.29.2"
    lightningcss-win32-x64-msvc "1.29.2"

lodash.debounce@^4.0.8:
  version "4.0.8"
  resolved "https://registry.yarnpkg.com/lodash.debounce/-/lodash.debounce-4.0.8.tgz#82d79bff30a67c4005ffd5e2515300ad9ca4d7af"
  integrity sha512-FT1yDzDYEoYWhnSGnpE/4Kj1fLZkDFyqRb7fNt6FdYOSxlUWAtp42Eh6Wb0rGIv/m9Bgo7x4GhQbm5Ys4SG5ow==

lodash.throttle@^4.1.1:
  version "4.1.1"
  resolved "https://registry.yarnpkg.com/lodash.throttle/-/lodash.throttle-4.1.1.tgz#c23e91b710242ac70c37f1e1cda9274cc39bf2f4"
  integrity sha512-wIkUCfVKpVsWo3JSZlc+8MB5it+2AN5W8J7YVMST30UrvcQNZ1Okbj+rbVniijTWE6FGYy4XJq/rHkas8qJMLQ==

loose-envify@^1.1.0:
  version "1.4.0"
  resolved "https://registry.yarnpkg.com/loose-envify/-/loose-envify-1.4.0.tgz#71ee51fa7be4caec1a63839f7e682d8132d30caf"
  integrity sha512-lyuxPGr/Wfhrlem2CL/UcnUc1zcqKAImBDzukY7Y5F/yQiNdko6+fRLevlw1HgMySw7f611UIY408EtxRSoK3Q==
  dependencies:
    js-tokens "^3.0.0 || ^4.0.0"

mini-svg-data-uri@^1.2.3:
  version "1.4.4"
  resolved "https://registry.yarnpkg.com/mini-svg-data-uri/-/mini-svg-data-uri-1.4.4.tgz#8ab0aabcdf8c29ad5693ca595af19dd2ead09939"
  integrity sha512-r9deDe9p5FJUPZAk3A59wGH7Ii9YrjjWw0jmw/liSbHl2CHiyXj6FcDXDu2K3TjVAXqiJdaw3xxwlZZr9E6nHg==

nanoid@^3.3.6, nanoid@^3.3.8:
  version "3.3.8"
  resolved "https://registry.yarnpkg.com/nanoid/-/nanoid-3.3.8.tgz#b1be3030bee36aaff18bacb375e5cce521684baf"
  integrity sha512-WNLf5Sd8oZxOm+TzppcYk8gVOgP+l58xNy58D0nbUnOxOWRWvlcCV4kUF7ltmI6PsrLl/BgKEyS4mqsGChFN0w==

next@14.2.13:
  version "14.2.13"
  resolved "https://registry.yarnpkg.com/next/-/next-14.2.13.tgz#32da2ee0afbe729e2d4a467c3570def90e1c974d"
  integrity sha512-BseY9YNw8QJSwLYD7hlZzl6QVDoSFHL/URN5K64kVEVpCsSOWeyjbIGK+dZUaRViHTaMQX8aqmnn0PHBbGZezg==
  dependencies:
    "@next/env" "14.2.13"
    "@swc/helpers" "0.5.5"
    busboy "1.6.0"
    caniuse-lite "^1.0.30001579"
    graceful-fs "^4.2.11"
    postcss "8.4.31"
    styled-jsx "5.1.1"
  optionalDependencies:
    "@next/swc-darwin-arm64" "14.2.13"
    "@next/swc-darwin-x64" "14.2.13"
    "@next/swc-linux-arm64-gnu" "14.2.13"
    "@next/swc-linux-arm64-musl" "14.2.13"
    "@next/swc-linux-x64-gnu" "14.2.13"
    "@next/swc-linux-x64-musl" "14.2.13"
    "@next/swc-win32-arm64-msvc" "14.2.13"
    "@next/swc-win32-ia32-msvc" "14.2.13"
    "@next/swc-win32-x64-msvc" "14.2.13"

next@15.1.6:
  version "15.1.6"
  resolved "https://registry.yarnpkg.com/next/-/next-15.1.6.tgz#ce22fd0a8f36da1fc4aba86e3ec7e98eb248c555"
  integrity sha512-Hch4wzbaX0vKQtalpXvUiw5sYivBy4cm5rzUKrBnUB/y436LGrvOUqYvlSeNVCWFO/770gDlltR9gqZH62ct4Q==
  dependencies:
    "@next/env" "15.1.6"
    "@swc/counter" "0.1.3"
    "@swc/helpers" "0.5.15"
    busboy "1.6.0"
    caniuse-lite "^1.0.30001579"
    postcss "8.4.31"
    styled-jsx "5.1.6"
  optionalDependencies:
    "@next/swc-darwin-arm64" "15.1.6"
    "@next/swc-darwin-x64" "15.1.6"
    "@next/swc-linux-arm64-gnu" "15.1.6"
    "@next/swc-linux-arm64-musl" "15.1.6"
    "@next/swc-linux-x64-gnu" "15.1.6"
    "@next/swc-linux-x64-musl" "15.1.6"
    "@next/swc-win32-arm64-msvc" "15.1.6"
    "@next/swc-win32-x64-msvc" "15.1.6"
    sharp "^0.33.5"

picocolors@^1.0.0, picocolors@^1.1.1:
  version "1.1.1"
  resolved "https://registry.yarnpkg.com/picocolors/-/picocolors-1.1.1.tgz#3d321af3eab939b083c8f929a1d12cda81c26b6b"
  integrity sha512-xceH2snhtb5M9liqDsmEw56le376mTZkEX/jEb/RxNFyegNul7eNslCXP9FDj/Lcu0X8KEyMceP2ntpaHrDEVA==

postcss@8.4.31:
  version "8.4.31"
  resolved "https://registry.yarnpkg.com/postcss/-/postcss-8.4.31.tgz#92b451050a9f914da6755af352bdc0192508656d"
  integrity sha512-PS08Iboia9mts/2ygV3eLpY5ghnUcfLV/EXTOW1E2qYxJKGGBUtNjN76FYHnMs36RmARn41bC0AZmn+rR0OVpQ==
  dependencies:
    nanoid "^3.3.6"
    picocolors "^1.0.0"
    source-map-js "^1.0.2"

postcss@^8.4.41, postcss@^8.5.1:
  version "8.5.3"
  resolved "https://registry.yarnpkg.com/postcss/-/postcss-8.5.3.tgz#1463b6f1c7fb16fe258736cba29a2de35237eafb"
  integrity sha512-dle9A3yYxlBSrt8Fu+IpjGT8SY8hN0mlaA6GY8t0P5PjIOZemULz/E2Bnm/2dcUOena75OTNkHI76uZBNUUq3A==
  dependencies:
    nanoid "^3.3.8"
    picocolors "^1.1.1"
    source-map-js "^1.2.1"

prettier-plugin-tailwindcss@^0.6.11:
  version "0.6.11"
  resolved "https://registry.yarnpkg.com/prettier-plugin-tailwindcss/-/prettier-plugin-tailwindcss-0.6.11.tgz#cfacd60c4f81997353ee913e589037f796df0f5f"
  integrity sha512-YxaYSIvZPAqhrrEpRtonnrXdghZg1irNg4qrjboCXrpybLWVs55cW2N3juhspVJiO0JBvYJT8SYsJpc8OQSnsA==

react-dom@19.0.0:
  version "19.0.0"
  resolved "https://registry.yarnpkg.com/react-dom/-/react-dom-19.0.0.tgz#43446f1f01c65a4cd7f7588083e686a6726cfb57"
  integrity sha512-4GV5sHFG0e/0AD4X+ySy6UJd3jVl1iNsNHdpad0qhABJ11twS3TTBnseqsKurKcsNqCEFeGL3uLpVChpIO3QfQ==
  dependencies:
    scheduler "^0.25.0"

react@18.3.1:
  version "18.3.1"
  resolved "https://registry.yarnpkg.com/react/-/react-18.3.1.tgz#49ab892009c53933625bd16b2533fc754cab2891"
  integrity sha512-wS+hAgJShR0KhEvPJArfuPVN1+Hz1t0Y6n5jLrGQbkb4urgPE/0Rve+1kMB1v/oWgHgm4WIcV+i7F2pTVj+2iQ==
  dependencies:
    loose-envify "^1.1.0"

react@19.0.0:
  version "19.0.0"
  resolved "https://registry.yarnpkg.com/react/-/react-19.0.0.tgz#6e1969251b9f108870aa4bff37a0ce9ddfaaabdd"
  integrity sha512-V8AVnmPIICiWpGfm6GLzCR/W5FXLchHop40W4nXBmdlEceh16rCN8O8LNWm5bh5XUX91fh7KpA+W0TgMKmgTpQ==

scheduler@^0.25.0:
  version "0.25.0"
  resolved "https://registry.yarnpkg.com/scheduler/-/scheduler-0.25.0.tgz#336cd9768e8cceebf52d3c80e3dcf5de23e7e015"
  integrity sha512-xFVuu11jh+xcO7JOAGJNOXld8/TcEHK/4CituBUeUb5hqxJLj9YuemAEuvm9gQ/+pgXYfbQuqAkiYu+u7YEsNA==

semver@^7.6.3:
  version "7.7.1"
  resolved "https://registry.yarnpkg.com/semver/-/semver-7.7.1.tgz#abd5098d82b18c6c81f6074ff2647fd3e7220c9f"
  integrity sha512-hlq8tAfn0m/61p4BVRcPzIGr6LKiMwo4VM6dGi6pt4qcRkmNzTcWq6eCEjEh+qXjkMDvPlOFFSGwQjoEa6gyMA==

sharp@^0.33.5:
  version "0.33.5"
  resolved "https://registry.yarnpkg.com/sharp/-/sharp-0.33.5.tgz#13e0e4130cc309d6a9497596715240b2ec0c594e"
  integrity sha512-haPVm1EkS9pgvHrQ/F3Xy+hgcuMV0Wm9vfIBSiwZ05k+xgb0PkBQpGsAA/oWdDobNaZTH5ppvHtzCFbnSEwHVw==
  dependencies:
    color "^4.2.3"
    detect-libc "^2.0.3"
    semver "^7.6.3"
  optionalDependencies:
    "@img/sharp-darwin-arm64" "0.33.5"
    "@img/sharp-darwin-x64" "0.33.5"
    "@img/sharp-libvips-darwin-arm64" "1.0.4"
    "@img/sharp-libvips-darwin-x64" "1.0.4"
    "@img/sharp-libvips-linux-arm" "1.0.5"
    "@img/sharp-libvips-linux-arm64" "1.0.4"
    "@img/sharp-libvips-linux-s390x" "1.0.4"
    "@img/sharp-libvips-linux-x64" "1.0.4"
    "@img/sharp-libvips-linuxmusl-arm64" "1.0.4"
    "@img/sharp-libvips-linuxmusl-x64" "1.0.4"
    "@img/sharp-linux-arm" "0.33.5"
    "@img/sharp-linux-arm64" "0.33.5"
    "@img/sharp-linux-s390x" "0.33.5"
    "@img/sharp-linux-x64" "0.33.5"
    "@img/sharp-linuxmusl-arm64" "0.33.5"
    "@img/sharp-linuxmusl-x64" "0.33.5"
    "@img/sharp-wasm32" "0.33.5"
    "@img/sharp-win32-ia32" "0.33.5"
    "@img/sharp-win32-x64" "0.33.5"

simple-swizzle@^0.2.2:
  version "0.2.2"
  resolved "https://registry.yarnpkg.com/simple-swizzle/-/simple-swizzle-0.2.2.tgz#a4da6b635ffcccca33f70d17cb92592de95e557a"
  integrity sha512-JA//kQgZtbuY83m+xT+tXJkmJncGMTFT+C+g2h2R9uxkYIrE2yy9sgmcLhCnw57/WSD+Eh3J97FPEDFnbXnDUg==
  dependencies:
    is-arrayish "^0.3.1"

source-map-js@^1.0.2, source-map-js@^1.2.1:
  version "1.2.1"
  resolved "https://registry.yarnpkg.com/source-map-js/-/source-map-js-1.2.1.tgz#1ce5650fddd87abc099eda37dcff024c2667ae46"
  integrity sha512-UXWMKhLOwVKb728IUtQPXxfYU+usdybtUrK/8uGE8CQMvrhOpwvzDBwj0QhSL7MQc7vIsISBG8VQ8+IDQxpfQA==

streamsearch@^1.1.0:
  version "1.1.0"
  resolved "https://registry.yarnpkg.com/streamsearch/-/streamsearch-1.1.0.tgz#404dd1e2247ca94af554e841a8ef0eaa238da764"
  integrity sha512-Mcc5wHehp9aXz1ax6bZUyY5afg9u2rv5cqQI3mRrYkGC8rW2hM02jWuwjtL++LS5qinSyhj2QfLyNsuc+VsExg==

styled-jsx@5.1.1:
  version "5.1.1"
  resolved "https://registry.yarnpkg.com/styled-jsx/-/styled-jsx-5.1.1.tgz#839a1c3aaacc4e735fed0781b8619ea5d0009d1f"
  integrity sha512-pW7uC1l4mBZ8ugbiZrcIsiIvVx1UmTfw7UkC3Um2tmfUq9Bhk8IiyEIPl6F8agHgjzku6j0xQEZbfA5uSgSaCw==
  dependencies:
    client-only "0.0.1"

styled-jsx@5.1.6:
  version "5.1.6"
  resolved "https://registry.yarnpkg.com/styled-jsx/-/styled-jsx-5.1.6.tgz#83b90c077e6c6a80f7f5e8781d0f311b2fe41499"
  integrity sha512-qSVyDTeMotdvQYoHWLNGwRFJHC+i+ZvdBRYosOFgC+Wg1vx4frN2/RG/NA7SYqqvKNLf39P2LSRA2pu6n0XYZA==
  dependencies:
    client-only "0.0.1"

tabbable@^6.0.0:
  version "6.2.0"
  resolved "https://registry.yarnpkg.com/tabbable/-/tabbable-6.2.0.tgz#732fb62bc0175cfcec257330be187dcfba1f3b97"
  integrity sha512-Cat63mxsVJlzYvN51JmVXIgNoUokrIaT2zLclCXjRd8boZ0004U4KCs/sToJ75C6sdlByWxpYnb5Boif1VSFew==

tailwindcss@4.0.11, tailwindcss@^4.0.3:
  version "4.0.11"
  resolved "https://registry.yarnpkg.com/tailwindcss/-/tailwindcss-4.0.11.tgz#cb00fb696d7346f115682bbe909d87a87afb664e"
  integrity sha512-GZ6+tNwieqvpFLZfx2tkZpfOMAK7iumbOJOLmd6v8AcYuHbjUb+cmDRu6l+rFkIqarh5FfLbCSRJhegcVdoPng==

tapable@^2.2.0:
  version "2.2.1"
  resolved "https://registry.yarnpkg.com/tapable/-/tapable-2.2.1.tgz#1967a73ef4060a82f12ab96af86d52fdb76eeca0"
  integrity sha512-GNzQvQTOIP6RyTfE2Qxb8ZVlNmw0n88vp1szwWRimP02mnTsx3Wtn5qRdqY9w2XduFNUgvOwhNnQsjwCp+kqaQ==

tslib@^2.4.0, tslib@^2.8.0:
  version "2.8.1"
  resolved "https://registry.yarnpkg.com/tslib/-/tslib-2.8.1.tgz#612efe4ed235d567e8aba5f2a5fab70280ade83f"
  integrity sha512-oJFu94HQb+KVduSUQL7wnpmqnfmLsOA/nAh6b6EH0wCEoK0/mPeXU6c3wKDV83MkOuHPRHtSXKKU99IBazS/2w==

typescript@^5.7.3:
  version "5.8.2"
  resolved "https://registry.yarnpkg.com/typescript/-/typescript-5.8.2.tgz#8170b3702f74b79db2e5a96207c15e65807999e4"
  integrity sha512-aJn6wq13/afZp/jT9QZmwEjDqqvSGp1VT5GVg+f/t6/oVyrgXM6BY1h9BRh/O5p3PlUPAe+WuiEZOmb/49RqoQ==

undici-types@~6.20.0:
  version "6.20.0"
  resolved "https://registry.yarnpkg.com/undici-types/-/undici-types-6.20.0.tgz#8171bf22c1f588d1554d55bf204bc624af388433"
  integrity sha512-Ny6QZ2Nju20vw1SRHe3d9jVu6gJ+4e3+MMpqu7pqE5HT6WsTSlce++GQmK5UXS8mzV8DSYHrQH+Xrf2jVcuKNg==
