# This file is generated by running "yarn install" inside your project.
# Manual changes might be lost - proceed with caution!

__metadata:
  version: 8
  cacheKey: 10c0

"@alloc/quick-lru@npm:^5.2.0":
  version: 5.2.0
  resolution: "@alloc/quick-lru@npm:5.2.0"
  checksum: 10c0/7b878c48b9d25277d0e1a9b8b2f2312a314af806b4129dc902f2bc29ab09b58236e53964689feec187b28c80d2203aff03829754773a707a8a5987f1b7682d92
  languageName: node
  linkType: hard

"@calcom/embed-core@npm:1.5.3":
  version: 1.5.3
  resolution: "@calcom/embed-core@npm:1.5.3"
  checksum: 10c0/85d2a17800dc685c75670a24ddc650eabac571001067640f2715aa7e9ffdad5fb36fc4c5f33c6d00bf6937ae6997a3beb45cd0d3cc96754fc1b3171ea888d796
  languageName: node
  linkType: hard

"@calcom/embed-react@npm:^1.5.2":
  version: 1.5.3
  resolution: "@calcom/embed-react@npm:1.5.3"
  dependencies:
    "@calcom/embed-core": "npm:1.5.3"
    "@calcom/embed-snippet": "npm:1.3.3"
  peerDependencies:
    react: ^18.2.0 || ^19.0.0
    react-dom: ^18.2.0 || ^19.0.0
  checksum: 10c0/aa42bbd96b2d7b16dc2b582cdc6e13ea5015b91fa8e6f680f554e56d562f64e783df74eac50b028543827b3a8d62307fde37cad19f574b7ff7bc3bab8cf52dfe
  languageName: node
  linkType: hard

"@calcom/embed-snippet@npm:1.3.3":
  version: 1.3.3
  resolution: "@calcom/embed-snippet@npm:1.3.3"
  dependencies:
    "@calcom/embed-core": "npm:1.5.3"
  checksum: 10c0/2488d33f23aa1495004803b6f8f3bba7f3aad2bd2b951aaffb9891c27250aed48fa7deb251cf4cf65e4e8c1f12c07c70eb5e6ab6706455fa71b8208fe53dfd53
  languageName: node
  linkType: hard

"@emnapi/core@npm:^1.5.0":
  version: 1.5.0
  resolution: "@emnapi/core@npm:1.5.0"
  dependencies:
    "@emnapi/wasi-threads": "npm:1.1.0"
    tslib: "npm:^2.4.0"
  checksum: 10c0/52ba3485277706d92fa27d92b37e5b4f6ef0742c03ed68f8096f294c6bfa30f0752c82d4c2bfa14bff4dc30d63c9f71a8f9fb64a92743d00807d9e468fafd5ff
  languageName: node
  linkType: hard

"@emnapi/runtime@npm:^1.5.0":
  version: 1.5.0
  resolution: "@emnapi/runtime@npm:1.5.0"
  dependencies:
    tslib: "npm:^2.4.0"
  checksum: 10c0/a85c9fc4e3af49cbe41e5437e5be2551392a931910cd0a5b5d3572532786927810c9cc1db11b232ec8f9657b33d4e6f7c4f985f1a052917d7cd703b5b2a20faa
  languageName: node
  linkType: hard

"@emnapi/wasi-threads@npm:1.1.0, @emnapi/wasi-threads@npm:^1.1.0":
  version: 1.1.0
  resolution: "@emnapi/wasi-threads@npm:1.1.0"
  dependencies:
    tslib: "npm:^2.4.0"
  checksum: 10c0/e6d54bf2b1e64cdd83d2916411e44e579b6ae35d5def0dea61a3c452d9921373044dff32a8b8473ae60c80692bdc39323e98b96a3f3d87ba6886b24dd0ef7ca1
  languageName: node
  linkType: hard

"@img/colour@npm:^1.0.0":
  version: 1.0.0
  resolution: "@img/colour@npm:1.0.0"
  checksum: 10c0/02261719c1e0d7aa5a2d585981954f2ac126f0c432400aa1a01b925aa2c41417b7695da8544ee04fd29eba7ecea8eaf9b8bef06f19dc8faba78f94eeac40667d
  languageName: node
  linkType: hard

"@img/sharp-darwin-arm64@npm:0.34.4":
  version: 0.34.4
  resolution: "@img/sharp-darwin-arm64@npm:0.34.4"
  dependencies:
    "@img/sharp-libvips-darwin-arm64": "npm:1.2.3"
  dependenciesMeta:
    "@img/sharp-libvips-darwin-arm64":
      optional: true
  conditions: os=darwin & cpu=arm64
  languageName: node
  linkType: hard

"@img/sharp-darwin-x64@npm:0.34.4":
  version: 0.34.4
  resolution: "@img/sharp-darwin-x64@npm:0.34.4"
  dependencies:
    "@img/sharp-libvips-darwin-x64": "npm:1.2.3"
  dependenciesMeta:
    "@img/sharp-libvips-darwin-x64":
      optional: true
  conditions: os=darwin & cpu=x64
  languageName: node
  linkType: hard

"@img/sharp-libvips-darwin-arm64@npm:1.2.3":
  version: 1.2.3
  resolution: "@img/sharp-libvips-darwin-arm64@npm:1.2.3"
  conditions: os=darwin & cpu=arm64
  languageName: node
  linkType: hard

"@img/sharp-libvips-darwin-x64@npm:1.2.3":
  version: 1.2.3
  resolution: "@img/sharp-libvips-darwin-x64@npm:1.2.3"
  conditions: os=darwin & cpu=x64
  languageName: node
  linkType: hard

"@img/sharp-libvips-linux-arm64@npm:1.2.3":
  version: 1.2.3
  resolution: "@img/sharp-libvips-linux-arm64@npm:1.2.3"
  conditions: os=linux & cpu=arm64 & libc=glibc
  languageName: node
  linkType: hard

"@img/sharp-libvips-linux-arm@npm:1.2.3":
  version: 1.2.3
  resolution: "@img/sharp-libvips-linux-arm@npm:1.2.3"
  conditions: os=linux & cpu=arm & libc=glibc
  languageName: node
  linkType: hard

"@img/sharp-libvips-linux-ppc64@npm:1.2.3":
  version: 1.2.3
  resolution: "@img/sharp-libvips-linux-ppc64@npm:1.2.3"
  conditions: os=linux & cpu=ppc64 & libc=glibc
  languageName: node
  linkType: hard

"@img/sharp-libvips-linux-s390x@npm:1.2.3":
  version: 1.2.3
  resolution: "@img/sharp-libvips-linux-s390x@npm:1.2.3"
  conditions: os=linux & cpu=s390x & libc=glibc
  languageName: node
  linkType: hard

"@img/sharp-libvips-linux-x64@npm:1.2.3":
  version: 1.2.3
  resolution: "@img/sharp-libvips-linux-x64@npm:1.2.3"
  conditions: os=linux & cpu=x64 & libc=glibc
  languageName: node
  linkType: hard

"@img/sharp-libvips-linuxmusl-arm64@npm:1.2.3":
  version: 1.2.3
  resolution: "@img/sharp-libvips-linuxmusl-arm64@npm:1.2.3"
  conditions: os=linux & cpu=arm64 & libc=musl
  languageName: node
  linkType: hard

"@img/sharp-libvips-linuxmusl-x64@npm:1.2.3":
  version: 1.2.3
  resolution: "@img/sharp-libvips-linuxmusl-x64@npm:1.2.3"
  conditions: os=linux & cpu=x64 & libc=musl
  languageName: node
  linkType: hard

"@img/sharp-linux-arm64@npm:0.34.4":
  version: 0.34.4
  resolution: "@img/sharp-linux-arm64@npm:0.34.4"
  dependencies:
    "@img/sharp-libvips-linux-arm64": "npm:1.2.3"
  dependenciesMeta:
    "@img/sharp-libvips-linux-arm64":
      optional: true
  conditions: os=linux & cpu=arm64 & libc=glibc
  languageName: node
  linkType: hard

"@img/sharp-linux-arm@npm:0.34.4":
  version: 0.34.4
  resolution: "@img/sharp-linux-arm@npm:0.34.4"
  dependencies:
    "@img/sharp-libvips-linux-arm": "npm:1.2.3"
  dependenciesMeta:
    "@img/sharp-libvips-linux-arm":
      optional: true
  conditions: os=linux & cpu=arm & libc=glibc
  languageName: node
  linkType: hard

"@img/sharp-linux-ppc64@npm:0.34.4":
  version: 0.34.4
  resolution: "@img/sharp-linux-ppc64@npm:0.34.4"
  dependencies:
    "@img/sharp-libvips-linux-ppc64": "npm:1.2.3"
  dependenciesMeta:
    "@img/sharp-libvips-linux-ppc64":
      optional: true
  conditions: os=linux & cpu=ppc64 & libc=glibc
  languageName: node
  linkType: hard

"@img/sharp-linux-s390x@npm:0.34.4":
  version: 0.34.4
  resolution: "@img/sharp-linux-s390x@npm:0.34.4"
  dependencies:
    "@img/sharp-libvips-linux-s390x": "npm:1.2.3"
  dependenciesMeta:
    "@img/sharp-libvips-linux-s390x":
      optional: true
  conditions: os=linux & cpu=s390x & libc=glibc
  languageName: node
  linkType: hard

"@img/sharp-linux-x64@npm:0.34.4":
  version: 0.34.4
  resolution: "@img/sharp-linux-x64@npm:0.34.4"
  dependencies:
    "@img/sharp-libvips-linux-x64": "npm:1.2.3"
  dependenciesMeta:
    "@img/sharp-libvips-linux-x64":
      optional: true
  conditions: os=linux & cpu=x64 & libc=glibc
  languageName: node
  linkType: hard

"@img/sharp-linuxmusl-arm64@npm:0.34.4":
  version: 0.34.4
  resolution: "@img/sharp-linuxmusl-arm64@npm:0.34.4"
  dependencies:
    "@img/sharp-libvips-linuxmusl-arm64": "npm:1.2.3"
  dependenciesMeta:
    "@img/sharp-libvips-linuxmusl-arm64":
      optional: true
  conditions: os=linux & cpu=arm64 & libc=musl
  languageName: node
  linkType: hard

"@img/sharp-linuxmusl-x64@npm:0.34.4":
  version: 0.34.4
  resolution: "@img/sharp-linuxmusl-x64@npm:0.34.4"
  dependencies:
    "@img/sharp-libvips-linuxmusl-x64": "npm:1.2.3"
  dependenciesMeta:
    "@img/sharp-libvips-linuxmusl-x64":
      optional: true
  conditions: os=linux & cpu=x64 & libc=musl
  languageName: node
  linkType: hard

"@img/sharp-wasm32@npm:0.34.4":
  version: 0.34.4
  resolution: "@img/sharp-wasm32@npm:0.34.4"
  dependencies:
    "@emnapi/runtime": "npm:^1.5.0"
  conditions: cpu=wasm32
  languageName: node
  linkType: hard

"@img/sharp-win32-arm64@npm:0.34.4":
  version: 0.34.4
  resolution: "@img/sharp-win32-arm64@npm:0.34.4"
  conditions: os=win32 & cpu=arm64
  languageName: node
  linkType: hard

"@img/sharp-win32-ia32@npm:0.34.4":
  version: 0.34.4
  resolution: "@img/sharp-win32-ia32@npm:0.34.4"
  conditions: os=win32 & cpu=ia32
  languageName: node
  linkType: hard

"@img/sharp-win32-x64@npm:0.34.4":
  version: 0.34.4
  resolution: "@img/sharp-win32-x64@npm:0.34.4"
  conditions: os=win32 & cpu=x64
  languageName: node
  linkType: hard

"@isaacs/fs-minipass@npm:^4.0.0":
  version: 4.0.1
  resolution: "@isaacs/fs-minipass@npm:4.0.1"
  dependencies:
    minipass: "npm:^7.0.4"
  checksum: 10c0/c25b6dc1598790d5b55c0947a9b7d111cfa92594db5296c3b907e2f533c033666f692a3939eadac17b1c7c40d362d0b0635dc874cbfe3e70db7c2b07cc97a5d2
  languageName: node
  linkType: hard

"@jridgewell/gen-mapping@npm:^0.3.5":
  version: 0.3.13
  resolution: "@jridgewell/gen-mapping@npm:0.3.13"
  dependencies:
    "@jridgewell/sourcemap-codec": "npm:^1.5.0"
    "@jridgewell/trace-mapping": "npm:^0.3.24"
  checksum: 10c0/9a7d65fb13bd9aec1fbab74cda08496839b7e2ceb31f5ab922b323e94d7c481ce0fc4fd7e12e2610915ed8af51178bdc61e168e92a8c8b8303b030b03489b13b
  languageName: node
  linkType: hard

"@jridgewell/remapping@npm:^2.3.4":
  version: 2.3.5
  resolution: "@jridgewell/remapping@npm:2.3.5"
  dependencies:
    "@jridgewell/gen-mapping": "npm:^0.3.5"
    "@jridgewell/trace-mapping": "npm:^0.3.24"
  checksum: 10c0/3de494219ffeb2c5c38711d0d7bb128097edf91893090a2dbc8ee0b55d092bb7347b1fd0f478486c5eab010e855c73927b1666f2107516d472d24a73017d1194
  languageName: node
  linkType: hard

"@jridgewell/resolve-uri@npm:^3.1.0":
  version: 3.1.2
  resolution: "@jridgewell/resolve-uri@npm:3.1.2"
  checksum: 10c0/d502e6fb516b35032331406d4e962c21fe77cdf1cbdb49c6142bcbd9e30507094b18972778a6e27cbad756209cfe34b1a27729e6fa08a2eb92b33943f680cf1e
  languageName: node
  linkType: hard

"@jridgewell/sourcemap-codec@npm:^1.4.14, @jridgewell/sourcemap-codec@npm:^1.5.0, @jridgewell/sourcemap-codec@npm:^1.5.5":
  version: 1.5.5
  resolution: "@jridgewell/sourcemap-codec@npm:1.5.5"
  checksum: 10c0/f9e538f302b63c0ebc06eecb1dd9918dd4289ed36147a0ddce35d6ea4d7ebbda243cda7b2213b6a5e1d8087a298d5cf630fb2bd39329cdecb82017023f6081a0
  languageName: node
  linkType: hard

"@jridgewell/trace-mapping@npm:^0.3.24":
  version: 0.3.31
  resolution: "@jridgewell/trace-mapping@npm:0.3.31"
  dependencies:
    "@jridgewell/resolve-uri": "npm:^3.1.0"
    "@jridgewell/sourcemap-codec": "npm:^1.4.14"
  checksum: 10c0/4b30ec8cd56c5fd9a661f088230af01e0c1a3888d11ffb6b47639700f71225be21d1f7e168048d6d4f9449207b978a235c07c8f15c07705685d16dc06280e9d9
  languageName: node
  linkType: hard

"@napi-rs/wasm-runtime@npm:^1.0.5":
  version: 1.0.7
  resolution: "@napi-rs/wasm-runtime@npm:1.0.7"
  dependencies:
    "@emnapi/core": "npm:^1.5.0"
    "@emnapi/runtime": "npm:^1.5.0"
    "@tybys/wasm-util": "npm:^0.10.1"
  checksum: 10c0/2d8635498136abb49d6dbf7395b78c63422292240963bf055f307b77aeafbde57ae2c0ceaaef215601531b36d6eb92a2cdd6f5ba90ed2aa8127c27aff9c4ae55
  languageName: node
  linkType: hard

"@next/env@npm:15.3.0":
  version: 15.3.0
  resolution: "@next/env@npm:15.3.0"
  checksum: 10c0/2ef8def9b6725d3b174ece36f8cb9526b0026b303a563e7f356b36d8d6252040c0dc2f9d60dd3f1e0d10e345a94b91beb578ad0cd6f3496891dac96e862a8645
  languageName: node
  linkType: hard

"@next/env@npm:15.5.4":
  version: 15.5.4
  resolution: "@next/env@npm:15.5.4"
  checksum: 10c0/bcf043a353e601321e6d4fb190796d7f098a08007fe2039b6a6b384df641782abfaa8e1d1d9c85ab6987323979f4f75cd4fefd3fd17d2400b881541481bee474
  languageName: node
  linkType: hard

"@next/swc-darwin-arm64@npm:15.3.0":
  version: 15.3.0
  resolution: "@next/swc-darwin-arm64@npm:15.3.0"
  conditions: os=darwin & cpu=arm64
  languageName: node
  linkType: hard

"@next/swc-darwin-arm64@npm:15.5.4":
  version: 15.5.4
  resolution: "@next/swc-darwin-arm64@npm:15.5.4"
  conditions: os=darwin & cpu=arm64
  languageName: node
  linkType: hard

"@next/swc-darwin-x64@npm:15.3.0":
  version: 15.3.0
  resolution: "@next/swc-darwin-x64@npm:15.3.0"
  conditions: os=darwin & cpu=x64
  languageName: node
  linkType: hard

"@next/swc-darwin-x64@npm:15.5.4":
  version: 15.5.4
  resolution: "@next/swc-darwin-x64@npm:15.5.4"
  conditions: os=darwin & cpu=x64
  languageName: node
  linkType: hard

"@next/swc-linux-arm64-gnu@npm:15.3.0":
  version: 15.3.0
  resolution: "@next/swc-linux-arm64-gnu@npm:15.3.0"
  conditions: os=linux & cpu=arm64 & libc=glibc
  languageName: node
  linkType: hard

"@next/swc-linux-arm64-gnu@npm:15.5.4":
  version: 15.5.4
  resolution: "@next/swc-linux-arm64-gnu@npm:15.5.4"
  conditions: os=linux & cpu=arm64 & libc=glibc
  languageName: node
  linkType: hard

"@next/swc-linux-arm64-musl@npm:15.3.0":
  version: 15.3.0
  resolution: "@next/swc-linux-arm64-musl@npm:15.3.0"
  conditions: os=linux & cpu=arm64 & libc=musl
  languageName: node
  linkType: hard

"@next/swc-linux-arm64-musl@npm:15.5.4":
  version: 15.5.4
  resolution: "@next/swc-linux-arm64-musl@npm:15.5.4"
  conditions: os=linux & cpu=arm64 & libc=musl
  languageName: node
  linkType: hard

"@next/swc-linux-x64-gnu@npm:15.3.0":
  version: 15.3.0
  resolution: "@next/swc-linux-x64-gnu@npm:15.3.0"
  conditions: os=linux & cpu=x64 & libc=glibc
  languageName: node
  linkType: hard

"@next/swc-linux-x64-gnu@npm:15.5.4":
  version: 15.5.4
  resolution: "@next/swc-linux-x64-gnu@npm:15.5.4"
  conditions: os=linux & cpu=x64 & libc=glibc
  languageName: node
  linkType: hard

"@next/swc-linux-x64-musl@npm:15.3.0":
  version: 15.3.0
  resolution: "@next/swc-linux-x64-musl@npm:15.3.0"
  conditions: os=linux & cpu=x64 & libc=musl
  languageName: node
  linkType: hard

"@next/swc-linux-x64-musl@npm:15.5.4":
  version: 15.5.4
  resolution: "@next/swc-linux-x64-musl@npm:15.5.4"
  conditions: os=linux & cpu=x64 & libc=musl
  languageName: node
  linkType: hard

"@next/swc-win32-arm64-msvc@npm:15.3.0":
  version: 15.3.0
  resolution: "@next/swc-win32-arm64-msvc@npm:15.3.0"
  conditions: os=win32 & cpu=arm64
  languageName: node
  linkType: hard

"@next/swc-win32-arm64-msvc@npm:15.5.4":
  version: 15.5.4
  resolution: "@next/swc-win32-arm64-msvc@npm:15.5.4"
  conditions: os=win32 & cpu=arm64
  languageName: node
  linkType: hard

"@next/swc-win32-x64-msvc@npm:15.3.0":
  version: 15.3.0
  resolution: "@next/swc-win32-x64-msvc@npm:15.3.0"
  conditions: os=win32 & cpu=x64
  languageName: node
  linkType: hard

"@next/swc-win32-x64-msvc@npm:15.5.4":
  version: 15.5.4
  resolution: "@next/swc-win32-x64-msvc@npm:15.5.4"
  conditions: os=win32 & cpu=x64
  languageName: node
  linkType: hard

"@swc/counter@npm:0.1.3":
  version: 0.1.3
  resolution: "@swc/counter@npm:0.1.3"
  checksum: 10c0/8424f60f6bf8694cfd2a9bca45845bce29f26105cda8cf19cdb9fd3e78dc6338699e4db77a89ae449260bafa1cc6bec307e81e7fb96dbf7dcfce0eea55151356
  languageName: node
  linkType: hard

"@swc/helpers@npm:0.5.15":
  version: 0.5.15
  resolution: "@swc/helpers@npm:0.5.15"
  dependencies:
    tslib: "npm:^2.8.0"
  checksum: 10c0/33002f74f6f885f04c132960835fdfc474186983ea567606db62e86acd0680ca82f34647e8e610f4e1e422d1c16fce729dde22cd3b797ab1fd9061a825dabca4
  languageName: node
  linkType: hard

"@tailwindcss/forms@npm:^0.5.10":
  version: 0.5.10
  resolution: "@tailwindcss/forms@npm:0.5.10"
  dependencies:
    mini-svg-data-uri: "npm:^1.2.3"
  peerDependencies:
    tailwindcss: ">=3.0.0 || >= 3.0.0-alpha.1 || >= 4.0.0-alpha.20 || >= 4.0.0-beta.1"
  checksum: 10c0/235cbf08edf09362418808ebddcc767c9e151fba55f3d7d2d5c47862c715b6169204b9277461036707b4c30f3fb1e217933278f80525840e198f8e7dd9168e0d
  languageName: node
  linkType: hard

"@tailwindcss/node@npm:4.1.14":
  version: 4.1.14
  resolution: "@tailwindcss/node@npm:4.1.14"
  dependencies:
    "@jridgewell/remapping": "npm:^2.3.4"
    enhanced-resolve: "npm:^5.18.3"
    jiti: "npm:^2.6.0"
    lightningcss: "npm:1.30.1"
    magic-string: "npm:^0.30.19"
    source-map-js: "npm:^1.2.1"
    tailwindcss: "npm:4.1.14"
  checksum: 10c0/dcdb53217534b5220e8ffd0357848b542935aa5ebcae691ff1ac2924c5c0b89d6150d938ff69c776d9835e53fdb29b6db78367930985bd50b367ddb646778239
  languageName: node
  linkType: hard

"@tailwindcss/oxide-android-arm64@npm:4.1.14":
  version: 4.1.14
  resolution: "@tailwindcss/oxide-android-arm64@npm:4.1.14"
  conditions: os=android & cpu=arm64
  languageName: node
  linkType: hard

"@tailwindcss/oxide-darwin-arm64@npm:4.1.14":
  version: 4.1.14
  resolution: "@tailwindcss/oxide-darwin-arm64@npm:4.1.14"
  conditions: os=darwin & cpu=arm64
  languageName: node
  linkType: hard

"@tailwindcss/oxide-darwin-x64@npm:4.1.14":
  version: 4.1.14
  resolution: "@tailwindcss/oxide-darwin-x64@npm:4.1.14"
  conditions: os=darwin & cpu=x64
  languageName: node
  linkType: hard

"@tailwindcss/oxide-freebsd-x64@npm:4.1.14":
  version: 4.1.14
  resolution: "@tailwindcss/oxide-freebsd-x64@npm:4.1.14"
  conditions: os=freebsd & cpu=x64
  languageName: node
  linkType: hard

"@tailwindcss/oxide-linux-arm-gnueabihf@npm:4.1.14":
  version: 4.1.14
  resolution: "@tailwindcss/oxide-linux-arm-gnueabihf@npm:4.1.14"
  conditions: os=linux & cpu=arm
  languageName: node
  linkType: hard

"@tailwindcss/oxide-linux-arm64-gnu@npm:4.1.14":
  version: 4.1.14
  resolution: "@tailwindcss/oxide-linux-arm64-gnu@npm:4.1.14"
  conditions: os=linux & cpu=arm64 & libc=glibc
  languageName: node
  linkType: hard

"@tailwindcss/oxide-linux-arm64-musl@npm:4.1.14":
  version: 4.1.14
  resolution: "@tailwindcss/oxide-linux-arm64-musl@npm:4.1.14"
  conditions: os=linux & cpu=arm64 & libc=musl
  languageName: node
  linkType: hard

"@tailwindcss/oxide-linux-x64-gnu@npm:4.1.14":
  version: 4.1.14
  resolution: "@tailwindcss/oxide-linux-x64-gnu@npm:4.1.14"
  conditions: os=linux & cpu=x64 & libc=glibc
  languageName: node
  linkType: hard

"@tailwindcss/oxide-linux-x64-musl@npm:4.1.14":
  version: 4.1.14
  resolution: "@tailwindcss/oxide-linux-x64-musl@npm:4.1.14"
  conditions: os=linux & cpu=x64 & libc=musl
  languageName: node
  linkType: hard

"@tailwindcss/oxide-wasm32-wasi@npm:4.1.14":
  version: 4.1.14
  resolution: "@tailwindcss/oxide-wasm32-wasi@npm:4.1.14"
  dependencies:
    "@emnapi/core": "npm:^1.5.0"
    "@emnapi/runtime": "npm:^1.5.0"
    "@emnapi/wasi-threads": "npm:^1.1.0"
    "@napi-rs/wasm-runtime": "npm:^1.0.5"
    "@tybys/wasm-util": "npm:^0.10.1"
    tslib: "npm:^2.4.0"
  conditions: cpu=wasm32
  languageName: node
  linkType: hard

"@tailwindcss/oxide-win32-arm64-msvc@npm:4.1.14":
  version: 4.1.14
  resolution: "@tailwindcss/oxide-win32-arm64-msvc@npm:4.1.14"
  conditions: os=win32 & cpu=arm64
  languageName: node
  linkType: hard

"@tailwindcss/oxide-win32-x64-msvc@npm:4.1.14":
  version: 4.1.14
  resolution: "@tailwindcss/oxide-win32-x64-msvc@npm:4.1.14"
  conditions: os=win32 & cpu=x64
  languageName: node
  linkType: hard

"@tailwindcss/oxide@npm:4.1.14":
  version: 4.1.14
  resolution: "@tailwindcss/oxide@npm:4.1.14"
  dependencies:
    "@tailwindcss/oxide-android-arm64": "npm:4.1.14"
    "@tailwindcss/oxide-darwin-arm64": "npm:4.1.14"
    "@tailwindcss/oxide-darwin-x64": "npm:4.1.14"
    "@tailwindcss/oxide-freebsd-x64": "npm:4.1.14"
    "@tailwindcss/oxide-linux-arm-gnueabihf": "npm:4.1.14"
    "@tailwindcss/oxide-linux-arm64-gnu": "npm:4.1.14"
    "@tailwindcss/oxide-linux-arm64-musl": "npm:4.1.14"
    "@tailwindcss/oxide-linux-x64-gnu": "npm:4.1.14"
    "@tailwindcss/oxide-linux-x64-musl": "npm:4.1.14"
    "@tailwindcss/oxide-wasm32-wasi": "npm:4.1.14"
    "@tailwindcss/oxide-win32-arm64-msvc": "npm:4.1.14"
    "@tailwindcss/oxide-win32-x64-msvc": "npm:4.1.14"
    detect-libc: "npm:^2.0.4"
    tar: "npm:^7.5.1"
  dependenciesMeta:
    "@tailwindcss/oxide-android-arm64":
      optional: true
    "@tailwindcss/oxide-darwin-arm64":
      optional: true
    "@tailwindcss/oxide-darwin-x64":
      optional: true
    "@tailwindcss/oxide-freebsd-x64":
      optional: true
    "@tailwindcss/oxide-linux-arm-gnueabihf":
      optional: true
    "@tailwindcss/oxide-linux-arm64-gnu":
      optional: true
    "@tailwindcss/oxide-linux-arm64-musl":
      optional: true
    "@tailwindcss/oxide-linux-x64-gnu":
      optional: true
    "@tailwindcss/oxide-linux-x64-musl":
      optional: true
    "@tailwindcss/oxide-wasm32-wasi":
      optional: true
    "@tailwindcss/oxide-win32-arm64-msvc":
      optional: true
    "@tailwindcss/oxide-win32-x64-msvc":
      optional: true
  checksum: 10c0/7fdf5345272d0348624cd003f431f10715372d585f0180d32d3c8dd18f5417cdfe7e8c4e86fc504fa1aefd19324fb4c4b174bbefdc054882ae6919ed1160d86c
  languageName: node
  linkType: hard

"@tailwindcss/postcss@npm:^4":
  version: 4.1.14
  resolution: "@tailwindcss/postcss@npm:4.1.14"
  dependencies:
    "@alloc/quick-lru": "npm:^5.2.0"
    "@tailwindcss/node": "npm:4.1.14"
    "@tailwindcss/oxide": "npm:4.1.14"
    postcss: "npm:^8.4.41"
    tailwindcss: "npm:4.1.14"
  checksum: 10c0/f1befe8b92ed7c162328fe359f9c118ba7edbd37e32e0d62956aed9c7891d1107c70c2dfb4dc4fae8c5acd5442529851d3762549974c973b3c4ef6c043444c03
  languageName: node
  linkType: hard

"@tybys/wasm-util@npm:^0.10.1":
  version: 0.10.1
  resolution: "@tybys/wasm-util@npm:0.10.1"
  dependencies:
    tslib: "npm:^2.4.0"
  checksum: 10c0/b255094f293794c6d2289300c5fbcafbb5532a3aed3a5ffd2f8dc1828e639b88d75f6a376dd8f94347a44813fd7a7149d8463477a9a49525c8b2dcaa38c2d1e8
  languageName: node
  linkType: hard

"@typebot.io/js@npm:0.3.92":
  version: 0.3.92
  resolution: "@typebot.io/js@npm:0.3.92"
  checksum: 10c0/ec9462f7da40baaf9e80ccfcc3fd9d986c82fc1965dbcf653c11286752a5b7b76ab3d7f6390d79c14c5cad6348cfde60aae8f548382ef7b45cc7ac406eca7bca
  languageName: node
  linkType: hard

"@typebot.io/nextjs@npm:^0.3.76":
  version: 0.3.92
  resolution: "@typebot.io/nextjs@npm:0.3.92"
  dependencies:
    "@typebot.io/js": "npm:0.3.92"
    next: "npm:15.3.0"
    react: "npm:18.3.1"
  peerDependencies:
    "@typebot.io/js": 0.3.22
    next: 12.x || 13.x || 14.x
    react: ^16.0.0 || ^17.0.0 || ^18.0.0
  checksum: 10c0/dc95736f3a50e11556e0cd8922c70ed7731da2befc7ae21f6210abbe2f25fd9655c3a5ec501666714f50251837fa9edbee134aec3891fcc2d35aaab5e2edc80f
  languageName: node
  linkType: hard

"@types/aos@npm:^3.0.7":
  version: 3.0.7
  resolution: "@types/aos@npm:3.0.7"
  checksum: 10c0/816a1840abcf5eec59fe603bb841f2895d975bc3ca80585407932048ac12f86f1c09ede923d07b4e3b15bb72e31d3ac89652083dfe3507571d08309cfcd4d6d6
  languageName: node
  linkType: hard

"@types/node@npm:^22.13.0":
  version: 22.18.10
  resolution: "@types/node@npm:22.18.10"
  dependencies:
    undici-types: "npm:~6.21.0"
  checksum: 10c0/37b34553f1953ab8fc25b7467d44701446400f62547adb62c842cebac091350985470aeed87acd60f5295778c370d9721d477310e643677a7eab03a8dc6ed74f
  languageName: node
  linkType: hard

"@types/react-dom@npm:19.0.3":
  version: 19.0.3
  resolution: "@types/react-dom@npm:19.0.3"
  peerDependencies:
    "@types/react": ^19.0.0
  checksum: 10c0/3867427b333cbe8cbba496d7cc20ec9676d32c25ae44f4d1263a4129d42e57cf4adf0039ad263432f1215b88075c27d326e7eb4ed646128235d01a76e661d48f
  languageName: node
  linkType: hard

"@types/react@npm:19.0.8":
  version: 19.0.8
  resolution: "@types/react@npm:19.0.8"
  dependencies:
    csstype: "npm:^3.0.2"
  checksum: 10c0/5fa7236356b1476de03519c66ef65d4fd904826956105619e2ad60cb0b55ae7b251dd5fff02234076225b5e15333d0d936bf9dbe1d461406f8a2ba01c197ddcd
  languageName: node
  linkType: hard

"aos@npm:3.0.0-beta.6":
  version: 3.0.0-beta.6
  resolution: "aos@npm:3.0.0-beta.6"
  dependencies:
    classlist-polyfill: "npm:^1.2.0"
    lodash.debounce: "npm:^4.0.8"
    lodash.throttle: "npm:^4.1.1"
  checksum: 10c0/e64840f87275a06626c8bc66aa47ddc9974b14bb67f88ba628987575d213d6a00fa028aa301ecfa1f081fdea9782234289896f01cb09763860ed0e6fe22e6d10
  languageName: node
  linkType: hard

"busboy@npm:1.6.0":
  version: 1.6.0
  resolution: "busboy@npm:1.6.0"
  dependencies:
    streamsearch: "npm:^1.1.0"
  checksum: 10c0/fa7e836a2b82699b6e074393428b91ae579d4f9e21f5ac468e1b459a244341d722d2d22d10920cdd849743dbece6dca11d72de939fb75a7448825cf2babfba1f
  languageName: node
  linkType: hard

"caniuse-lite@npm:^1.0.30001579":
  version: 1.0.30001750
  resolution: "caniuse-lite@npm:1.0.30001750"
  checksum: 10c0/aa77ebf264ca8dcfe913fadaa19f06bf839d65dec24498fdb9c45739ab0828b8275ca30c698f4ee86829d38264eaa461edf4577e407753da8205ab1d285e105d
  languageName: node
  linkType: hard

"chownr@npm:^3.0.0":
  version: 3.0.0
  resolution: "chownr@npm:3.0.0"
  checksum: 10c0/43925b87700f7e3893296c8e9c56cc58f926411cce3a6e5898136daaf08f08b9a8eb76d37d3267e707d0dcc17aed2e2ebdf5848c0c3ce95cf910a919935c1b10
  languageName: node
  linkType: hard

"classlist-polyfill@npm:^1.2.0":
  version: 1.2.0
  resolution: "classlist-polyfill@npm:1.2.0"
  checksum: 10c0/97a6c6865daa1f74e6219f24bb5971c6b418aa9dcec0dcaab38283dbd9388af1c0057e9bd281b7236959059d971c55705bc055ee8382ee89f0c2d70749794cf3
  languageName: node
  linkType: hard

"client-only@npm:0.0.1":
  version: 0.0.1
  resolution: "client-only@npm:0.0.1"
  checksum: 10c0/9d6cfd0c19e1c96a434605added99dff48482152af791ec4172fb912a71cff9027ff174efd8cdb2160cc7f377543e0537ffc462d4f279bc4701de3f2a3c4b358
  languageName: node
  linkType: hard

"csstype@npm:^3.0.2":
  version: 3.1.3
  resolution: "csstype@npm:3.1.3"
  checksum: 10c0/80c089d6f7e0c5b2bd83cf0539ab41474198579584fa10d86d0cafe0642202343cbc119e076a0b1aece191989477081415d66c9fefbf3c957fc2fc4b7009f248
  languageName: node
  linkType: hard

"detect-libc@npm:^2.0.3, detect-libc@npm:^2.0.4, detect-libc@npm:^2.1.0":
  version: 2.1.2
  resolution: "detect-libc@npm:2.1.2"
  checksum: 10c0/acc675c29a5649fa1fb6e255f993b8ee829e510b6b56b0910666949c80c364738833417d0edb5f90e4e46be17228b0f2b66a010513984e18b15deeeac49369c4
  languageName: node
  linkType: hard

"enhanced-resolve@npm:^5.18.3":
  version: 5.18.3
  resolution: "enhanced-resolve@npm:5.18.3"
  dependencies:
    graceful-fs: "npm:^4.2.4"
    tapable: "npm:^2.2.0"
  checksum: 10c0/d413c23c2d494e4c1c9c9ac7d60b812083dc6d446699ed495e69c920988af0a3c66bf3f8d0e7a45cb1686c2d4c1df9f4e7352d973f5b56fe63d8d711dd0ccc54
  languageName: node
  linkType: hard

"graceful-fs@npm:^4.2.4":
  version: 4.2.11
  resolution: "graceful-fs@npm:4.2.11"
  checksum: 10c0/386d011a553e02bc594ac2ca0bd6d9e4c22d7fa8cfbfc448a6d148c59ea881b092db9dbe3547ae4b88e55f1b01f7c4a2ecc53b310c042793e63aa44cf6c257f2
  languageName: node
  linkType: hard

"jiti@npm:^2.6.0":
  version: 2.6.1
  resolution: "jiti@npm:2.6.1"
  bin:
    jiti: lib/jiti-cli.mjs
  checksum: 10c0/79b2e96a8e623f66c1b703b98ec1b8be4500e1d217e09b09e343471bbb9c105381b83edbb979d01cef18318cc45ce6e153571b6c83122170eefa531c64b6789b
  languageName: node
  linkType: hard

"js-tokens@npm:^3.0.0 || ^4.0.0":
  version: 4.0.0
  resolution: "js-tokens@npm:4.0.0"
  checksum: 10c0/e248708d377aa058eacf2037b07ded847790e6de892bbad3dac0abba2e759cb9f121b00099a65195616badcb6eca8d14d975cb3e89eb1cfda644756402c8aeed
  languageName: node
  linkType: hard

"lightningcss-darwin-arm64@npm:1.30.1":
  version: 1.30.1
  resolution: "lightningcss-darwin-arm64@npm:1.30.1"
  conditions: os=darwin & cpu=arm64
  languageName: node
  linkType: hard

"lightningcss-darwin-x64@npm:1.30.1":
  version: 1.30.1
  resolution: "lightningcss-darwin-x64@npm:1.30.1"
  conditions: os=darwin & cpu=x64
  languageName: node
  linkType: hard

"lightningcss-freebsd-x64@npm:1.30.1":
  version: 1.30.1
  resolution: "lightningcss-freebsd-x64@npm:1.30.1"
  conditions: os=freebsd & cpu=x64
  languageName: node
  linkType: hard

"lightningcss-linux-arm-gnueabihf@npm:1.30.1":
  version: 1.30.1
  resolution: "lightningcss-linux-arm-gnueabihf@npm:1.30.1"
  conditions: os=linux & cpu=arm
  languageName: node
  linkType: hard

"lightningcss-linux-arm64-gnu@npm:1.30.1":
  version: 1.30.1
  resolution: "lightningcss-linux-arm64-gnu@npm:1.30.1"
  conditions: os=linux & cpu=arm64 & libc=glibc
  languageName: node
  linkType: hard

"lightningcss-linux-arm64-musl@npm:1.30.1":
  version: 1.30.1
  resolution: "lightningcss-linux-arm64-musl@npm:1.30.1"
  conditions: os=linux & cpu=arm64 & libc=musl
  languageName: node
  linkType: hard

"lightningcss-linux-x64-gnu@npm:1.30.1":
  version: 1.30.1
  resolution: "lightningcss-linux-x64-gnu@npm:1.30.1"
  conditions: os=linux & cpu=x64 & libc=glibc
  languageName: node
  linkType: hard

"lightningcss-linux-x64-musl@npm:1.30.1":
  version: 1.30.1
  resolution: "lightningcss-linux-x64-musl@npm:1.30.1"
  conditions: os=linux & cpu=x64 & libc=musl
  languageName: node
  linkType: hard

"lightningcss-win32-arm64-msvc@npm:1.30.1":
  version: 1.30.1
  resolution: "lightningcss-win32-arm64-msvc@npm:1.30.1"
  conditions: os=win32 & cpu=arm64
  languageName: node
  linkType: hard

"lightningcss-win32-x64-msvc@npm:1.30.1":
  version: 1.30.1
  resolution: "lightningcss-win32-x64-msvc@npm:1.30.1"
  conditions: os=win32 & cpu=x64
  languageName: node
  linkType: hard

"lightningcss@npm:1.30.1":
  version: 1.30.1
  resolution: "lightningcss@npm:1.30.1"
  dependencies:
    detect-libc: "npm:^2.0.3"
    lightningcss-darwin-arm64: "npm:1.30.1"
    lightningcss-darwin-x64: "npm:1.30.1"
    lightningcss-freebsd-x64: "npm:1.30.1"
    lightningcss-linux-arm-gnueabihf: "npm:1.30.1"
    lightningcss-linux-arm64-gnu: "npm:1.30.1"
    lightningcss-linux-arm64-musl: "npm:1.30.1"
    lightningcss-linux-x64-gnu: "npm:1.30.1"
    lightningcss-linux-x64-musl: "npm:1.30.1"
    lightningcss-win32-arm64-msvc: "npm:1.30.1"
    lightningcss-win32-x64-msvc: "npm:1.30.1"
  dependenciesMeta:
    lightningcss-darwin-arm64:
      optional: true
    lightningcss-darwin-x64:
      optional: true
    lightningcss-freebsd-x64:
      optional: true
    lightningcss-linux-arm-gnueabihf:
      optional: true
    lightningcss-linux-arm64-gnu:
      optional: true
    lightningcss-linux-arm64-musl:
      optional: true
    lightningcss-linux-x64-gnu:
      optional: true
    lightningcss-linux-x64-musl:
      optional: true
    lightningcss-win32-arm64-msvc:
      optional: true
    lightningcss-win32-x64-msvc:
      optional: true
  checksum: 10c0/1e1ad908f3c68bf39d964a6735435a8dd5474fb2765076732d64a7b6aa2af1f084da65a9462443a9adfebf7dcfb02fb532fce1d78697f2a9de29c8f40f09aee3
  languageName: node
  linkType: hard

"lodash.debounce@npm:^4.0.8":
  version: 4.0.8
  resolution: "lodash.debounce@npm:4.0.8"
  checksum: 10c0/762998a63e095412b6099b8290903e0a8ddcb353ac6e2e0f2d7e7d03abd4275fe3c689d88960eb90b0dde4f177554d51a690f22a343932ecbc50a5d111849987
  languageName: node
  linkType: hard

"lodash.throttle@npm:^4.1.1":
  version: 4.1.1
  resolution: "lodash.throttle@npm:4.1.1"
  checksum: 10c0/14628013e9e7f65ac904fc82fd8ecb0e55a9c4c2416434b1dd9cf64ae70a8937f0b15376a39a68248530adc64887ed0fe2b75204b2c9ec3eea1cb2d66ddd125d
  languageName: node
  linkType: hard

"loose-envify@npm:^1.1.0":
  version: 1.4.0
  resolution: "loose-envify@npm:1.4.0"
  dependencies:
    js-tokens: "npm:^3.0.0 || ^4.0.0"
  bin:
    loose-envify: cli.js
  checksum: 10c0/655d110220983c1a4b9c0c679a2e8016d4b67f6e9c7b5435ff5979ecdb20d0813f4dec0a08674fcbdd4846a3f07edbb50a36811fd37930b94aaa0d9daceb017e
  languageName: node
  linkType: hard

"lucide-react@npm:^0.486.0":
  version: 0.486.0
  resolution: "lucide-react@npm:0.486.0"
  peerDependencies:
    react: ^16.5.1 || ^17.0.0 || ^18.0.0 || ^19.0.0
  checksum: 10c0/1206165b79f243ee32473897629e6a3ec1a8993bc35470e2bde8ece7193f758f27be891f3d380afcdb3b96659677d6c0fb4414b29ee0a6817d2388ac6d58c3b0
  languageName: node
  linkType: hard

"magic-string@npm:^0.30.19":
  version: 0.30.19
  resolution: "magic-string@npm:0.30.19"
  dependencies:
    "@jridgewell/sourcemap-codec": "npm:^1.5.5"
  checksum: 10c0/db23fd2e2ee98a1aeb88a4cdb2353137fcf05819b883c856dd79e4c7dfb25151e2a5a4d5dbd88add5e30ed8ae5c51bcf4accbc6becb75249d924ec7b4fbcae27
  languageName: node
  linkType: hard

"mini-svg-data-uri@npm:^1.2.3":
  version: 1.4.4
  resolution: "mini-svg-data-uri@npm:1.4.4"
  bin:
    mini-svg-data-uri: cli.js
  checksum: 10c0/24545fa30b5a45449241bf19c25b8bc37594b63ec06401b3d563bd1c2e8a6abb7c18741f8b354e0064baa63c291be214154bf3a66f201ae71dfab3cc1a5e3191
  languageName: node
  linkType: hard

"minipass@npm:^7.0.4, minipass@npm:^7.1.2":
  version: 7.1.2
  resolution: "minipass@npm:7.1.2"
  checksum: 10c0/b0fd20bb9fb56e5fa9a8bfac539e8915ae07430a619e4b86ff71f5fc757ef3924b23b2c4230393af1eda647ed3d75739e4e0acb250a6b1eb277cf7f8fe449557
  languageName: node
  linkType: hard

"minizlib@npm:^3.1.0":
  version: 3.1.0
  resolution: "minizlib@npm:3.1.0"
  dependencies:
    minipass: "npm:^7.1.2"
  checksum: 10c0/5aad75ab0090b8266069c9aabe582c021ae53eb33c6c691054a13a45db3b4f91a7fb1bd79151e6b4e9e9a86727b522527c0a06ec7d45206b745d54cd3097bcec
  languageName: node
  linkType: hard

"nanoid@npm:^3.3.11, nanoid@npm:^3.3.6":
  version: 3.3.11
  resolution: "nanoid@npm:3.3.11"
  bin:
    nanoid: bin/nanoid.cjs
  checksum: 10c0/40e7f70b3d15f725ca072dfc4f74e81fcf1fbb02e491cf58ac0c79093adc9b0a73b152bcde57df4b79cd097e13023d7504acb38404a4da7bc1cd8e887b82fe0b
  languageName: node
  linkType: hard

"next@npm:15.3.0":
  version: 15.3.0
  resolution: "next@npm:15.3.0"
  dependencies:
    "@next/env": "npm:15.3.0"
    "@next/swc-darwin-arm64": "npm:15.3.0"
    "@next/swc-darwin-x64": "npm:15.3.0"
    "@next/swc-linux-arm64-gnu": "npm:15.3.0"
    "@next/swc-linux-arm64-musl": "npm:15.3.0"
    "@next/swc-linux-x64-gnu": "npm:15.3.0"
    "@next/swc-linux-x64-musl": "npm:15.3.0"
    "@next/swc-win32-arm64-msvc": "npm:15.3.0"
    "@next/swc-win32-x64-msvc": "npm:15.3.0"
    "@swc/counter": "npm:0.1.3"
    "@swc/helpers": "npm:0.5.15"
    busboy: "npm:1.6.0"
    caniuse-lite: "npm:^1.0.30001579"
    postcss: "npm:8.4.31"
    sharp: "npm:^0.34.1"
    styled-jsx: "npm:5.1.6"
  peerDependencies:
    "@opentelemetry/api": ^1.1.0
    "@playwright/test": ^1.41.2
    babel-plugin-react-compiler: "*"
    react: ^18.2.0 || 19.0.0-rc-de68d2f4-20241204 || ^19.0.0
    react-dom: ^18.2.0 || 19.0.0-rc-de68d2f4-20241204 || ^19.0.0
    sass: ^1.3.0
  dependenciesMeta:
    "@next/swc-darwin-arm64":
      optional: true
    "@next/swc-darwin-x64":
      optional: true
    "@next/swc-linux-arm64-gnu":
      optional: true
    "@next/swc-linux-arm64-musl":
      optional: true
    "@next/swc-linux-x64-gnu":
      optional: true
    "@next/swc-linux-x64-musl":
      optional: true
    "@next/swc-win32-arm64-msvc":
      optional: true
    "@next/swc-win32-x64-msvc":
      optional: true
    sharp:
      optional: true
  peerDependenciesMeta:
    "@opentelemetry/api":
      optional: true
    "@playwright/test":
      optional: true
    babel-plugin-react-compiler:
      optional: true
    sass:
      optional: true
  bin:
    next: dist/bin/next
  checksum: 10c0/6e0cb3aff3487ca4c705b824c3b773e4a639cf19b9d7333b78314915b155c84c16e0855f5f235d0ebfc2a957276a11b90efd4b61213d544740f91a49e3e1be63
  languageName: node
  linkType: hard

"next@npm:15.5.4":
  version: 15.5.4
  resolution: "next@npm:15.5.4"
  dependencies:
    "@next/env": "npm:15.5.4"
    "@next/swc-darwin-arm64": "npm:15.5.4"
    "@next/swc-darwin-x64": "npm:15.5.4"
    "@next/swc-linux-arm64-gnu": "npm:15.5.4"
    "@next/swc-linux-arm64-musl": "npm:15.5.4"
    "@next/swc-linux-x64-gnu": "npm:15.5.4"
    "@next/swc-linux-x64-musl": "npm:15.5.4"
    "@next/swc-win32-arm64-msvc": "npm:15.5.4"
    "@next/swc-win32-x64-msvc": "npm:15.5.4"
    "@swc/helpers": "npm:0.5.15"
    caniuse-lite: "npm:^1.0.30001579"
    postcss: "npm:8.4.31"
    sharp: "npm:^0.34.3"
    styled-jsx: "npm:5.1.6"
  peerDependencies:
    "@opentelemetry/api": ^1.1.0
    "@playwright/test": ^1.51.1
    babel-plugin-react-compiler: "*"
    react: ^18.2.0 || 19.0.0-rc-de68d2f4-20241204 || ^19.0.0
    react-dom: ^18.2.0 || 19.0.0-rc-de68d2f4-20241204 || ^19.0.0
    sass: ^1.3.0
  dependenciesMeta:
    "@next/swc-darwin-arm64":
      optional: true
    "@next/swc-darwin-x64":
      optional: true
    "@next/swc-linux-arm64-gnu":
      optional: true
    "@next/swc-linux-arm64-musl":
      optional: true
    "@next/swc-linux-x64-gnu":
      optional: true
    "@next/swc-linux-x64-musl":
      optional: true
    "@next/swc-win32-arm64-msvc":
      optional: true
    "@next/swc-win32-x64-msvc":
      optional: true
    sharp:
      optional: true
  peerDependenciesMeta:
    "@opentelemetry/api":
      optional: true
    "@playwright/test":
      optional: true
    babel-plugin-react-compiler:
      optional: true
    sass:
      optional: true
  bin:
    next: dist/bin/next
  checksum: 10c0/3b5f04ed86d863bd5942b8ffb1ba8343da707579e720225c262d833d1b36c0daa0dbc3e6b24192280d0e02b066ac006a2b78673bbced19ca829de09bb4a2d73c
  languageName: node
  linkType: hard

"picocolors@npm:^1.0.0, picocolors@npm:^1.1.1":
  version: 1.1.1
  resolution: "picocolors@npm:1.1.1"
  checksum: 10c0/e2e3e8170ab9d7c7421969adaa7e1b31434f789afb9b3f115f6b96d91945041ac3ceb02e9ec6fe6510ff036bcc0bf91e69a1772edc0b707e12b19c0f2d6bcf58
  languageName: node
  linkType: hard

"postcss@npm:8.4.31":
  version: 8.4.31
  resolution: "postcss@npm:8.4.31"
  dependencies:
    nanoid: "npm:^3.3.6"
    picocolors: "npm:^1.0.0"
    source-map-js: "npm:^1.0.2"
  checksum: 10c0/748b82e6e5fc34034dcf2ae88ea3d11fd09f69b6c50ecdd3b4a875cfc7cdca435c958b211e2cb52355422ab6fccb7d8f2f2923161d7a1b281029e4a913d59acf
  languageName: node
  linkType: hard

"postcss@npm:^8.4.41, postcss@npm:^8.5.1":
  version: 8.5.6
  resolution: "postcss@npm:8.5.6"
  dependencies:
    nanoid: "npm:^3.3.11"
    picocolors: "npm:^1.1.1"
    source-map-js: "npm:^1.2.1"
  checksum: 10c0/5127cc7c91ed7a133a1b7318012d8bfa112da9ef092dddf369ae699a1f10ebbd89b1b9f25f3228795b84585c72aabd5ced5fc11f2ba467eedf7b081a66fad024
  languageName: node
  linkType: hard

"prettier-plugin-tailwindcss@npm:^0.6.11":
  version: 0.6.14
  resolution: "prettier-plugin-tailwindcss@npm:0.6.14"
  peerDependencies:
    "@ianvs/prettier-plugin-sort-imports": "*"
    "@prettier/plugin-hermes": "*"
    "@prettier/plugin-oxc": "*"
    "@prettier/plugin-pug": "*"
    "@shopify/prettier-plugin-liquid": "*"
    "@trivago/prettier-plugin-sort-imports": "*"
    "@zackad/prettier-plugin-twig": "*"
    prettier: ^3.0
    prettier-plugin-astro: "*"
    prettier-plugin-css-order: "*"
    prettier-plugin-import-sort: "*"
    prettier-plugin-jsdoc: "*"
    prettier-plugin-marko: "*"
    prettier-plugin-multiline-arrays: "*"
    prettier-plugin-organize-attributes: "*"
    prettier-plugin-organize-imports: "*"
    prettier-plugin-sort-imports: "*"
    prettier-plugin-style-order: "*"
    prettier-plugin-svelte: "*"
  peerDependenciesMeta:
    "@ianvs/prettier-plugin-sort-imports":
      optional: true
    "@prettier/plugin-hermes":
      optional: true
    "@prettier/plugin-oxc":
      optional: true
    "@prettier/plugin-pug":
      optional: true
    "@shopify/prettier-plugin-liquid":
      optional: true
    "@trivago/prettier-plugin-sort-imports":
      optional: true
    "@zackad/prettier-plugin-twig":
      optional: true
    prettier-plugin-astro:
      optional: true
    prettier-plugin-css-order:
      optional: true
    prettier-plugin-import-sort:
      optional: true
    prettier-plugin-jsdoc:
      optional: true
    prettier-plugin-marko:
      optional: true
    prettier-plugin-multiline-arrays:
      optional: true
    prettier-plugin-organize-attributes:
      optional: true
    prettier-plugin-organize-imports:
      optional: true
    prettier-plugin-sort-imports:
      optional: true
    prettier-plugin-style-order:
      optional: true
    prettier-plugin-svelte:
      optional: true
  checksum: 10c0/1bf635be28b30b3f171a184497eecf512601d19328e402dd2eb1ede52aa57b4f5b605eae2929f4916de9ba22526f3d730d9afa90334db09d17c59f463f7b26d8
  languageName: node
  linkType: hard

"react-dom@npm:19.1.0":
  version: 19.1.0
  resolution: "react-dom@npm:19.1.0"
  dependencies:
    scheduler: "npm:^0.26.0"
  peerDependencies:
    react: ^19.1.0
  checksum: 10c0/3e26e89bb6c67c9a6aa86cb888c7a7f8258f2e347a6d2a15299c17eb16e04c19194e3452bc3255bd34000a61e45e2cb51e46292392340432f133e5a5d2dfb5fc
  languageName: node
  linkType: hard

"react@npm:18.3.1":
  version: 18.3.1
  resolution: "react@npm:18.3.1"
  dependencies:
    loose-envify: "npm:^1.1.0"
  checksum: 10c0/283e8c5efcf37802c9d1ce767f302dd569dd97a70d9bb8c7be79a789b9902451e0d16334b05d73299b20f048cbc3c7d288bbbde10b701fa194e2089c237dbea3
  languageName: node
  linkType: hard

"react@npm:19.1.0":
  version: 19.1.0
  resolution: "react@npm:19.1.0"
  checksum: 10c0/530fb9a62237d54137a13d2cfb67a7db6a2156faed43eecc423f4713d9b20c6f2728b026b45e28fcd72e8eadb9e9ed4b089e99f5e295d2f0ad3134251bdd3698
  languageName: node
  linkType: hard

"scheduler@npm:^0.26.0":
  version: 0.26.0
  resolution: "scheduler@npm:0.26.0"
  checksum: 10c0/5b8d5bfddaae3513410eda54f2268e98a376a429931921a81b5c3a2873aab7ca4d775a8caac5498f8cbc7d0daeab947cf923dbd8e215d61671f9f4e392d34356
  languageName: node
  linkType: hard

"semver@npm:^7.7.2":
  version: 7.7.3
  resolution: "semver@npm:7.7.3"
  bin:
    semver: bin/semver.js
  checksum: 10c0/4afe5c986567db82f44c8c6faef8fe9df2a9b1d98098fc1721f57c696c4c21cebd572f297fc21002f81889492345b8470473bc6f4aff5fb032a6ea59ea2bc45e
  languageName: node
  linkType: hard

"sharp@npm:^0.34.1, sharp@npm:^0.34.3":
  version: 0.34.4
  resolution: "sharp@npm:0.34.4"
  dependencies:
    "@img/colour": "npm:^1.0.0"
    "@img/sharp-darwin-arm64": "npm:0.34.4"
    "@img/sharp-darwin-x64": "npm:0.34.4"
    "@img/sharp-libvips-darwin-arm64": "npm:1.2.3"
    "@img/sharp-libvips-darwin-x64": "npm:1.2.3"
    "@img/sharp-libvips-linux-arm": "npm:1.2.3"
    "@img/sharp-libvips-linux-arm64": "npm:1.2.3"
    "@img/sharp-libvips-linux-ppc64": "npm:1.2.3"
    "@img/sharp-libvips-linux-s390x": "npm:1.2.3"
    "@img/sharp-libvips-linux-x64": "npm:1.2.3"
    "@img/sharp-libvips-linuxmusl-arm64": "npm:1.2.3"
    "@img/sharp-libvips-linuxmusl-x64": "npm:1.2.3"
    "@img/sharp-linux-arm": "npm:0.34.4"
    "@img/sharp-linux-arm64": "npm:0.34.4"
    "@img/sharp-linux-ppc64": "npm:0.34.4"
    "@img/sharp-linux-s390x": "npm:0.34.4"
    "@img/sharp-linux-x64": "npm:0.34.4"
    "@img/sharp-linuxmusl-arm64": "npm:0.34.4"
    "@img/sharp-linuxmusl-x64": "npm:0.34.4"
    "@img/sharp-wasm32": "npm:0.34.4"
    "@img/sharp-win32-arm64": "npm:0.34.4"
    "@img/sharp-win32-ia32": "npm:0.34.4"
    "@img/sharp-win32-x64": "npm:0.34.4"
    detect-libc: "npm:^2.1.0"
    semver: "npm:^7.7.2"
  dependenciesMeta:
    "@img/sharp-darwin-arm64":
      optional: true
    "@img/sharp-darwin-x64":
      optional: true
    "@img/sharp-libvips-darwin-arm64":
      optional: true
    "@img/sharp-libvips-darwin-x64":
      optional: true
    "@img/sharp-libvips-linux-arm":
      optional: true
    "@img/sharp-libvips-linux-arm64":
      optional: true
    "@img/sharp-libvips-linux-ppc64":
      optional: true
    "@img/sharp-libvips-linux-s390x":
      optional: true
    "@img/sharp-libvips-linux-x64":
      optional: true
    "@img/sharp-libvips-linuxmusl-arm64":
      optional: true
    "@img/sharp-libvips-linuxmusl-x64":
      optional: true
    "@img/sharp-linux-arm":
      optional: true
    "@img/sharp-linux-arm64":
      optional: true
    "@img/sharp-linux-ppc64":
      optional: true
    "@img/sharp-linux-s390x":
      optional: true
    "@img/sharp-linux-x64":
      optional: true
    "@img/sharp-linuxmusl-arm64":
      optional: true
    "@img/sharp-linuxmusl-x64":
      optional: true
    "@img/sharp-wasm32":
      optional: true
    "@img/sharp-win32-arm64":
      optional: true
    "@img/sharp-win32-ia32":
      optional: true
    "@img/sharp-win32-x64":
      optional: true
  checksum: 10c0/c2d8afab823a53bb720c42aaddde2031d7a1e25b7f1bd123e342b6b77ffce5e2730017fd52282cadf6109b325bc16f35be4771caa040cf2855978b709be35f05
  languageName: node
  linkType: hard

"source-map-js@npm:^1.0.2, source-map-js@npm:^1.2.1":
  version: 1.2.1
  resolution: "source-map-js@npm:1.2.1"
  checksum: 10c0/7bda1fc4c197e3c6ff17de1b8b2c20e60af81b63a52cb32ec5a5d67a20a7d42651e2cb34ebe93833c5a2a084377e17455854fee3e21e7925c64a51b6a52b0faf
  languageName: node
  linkType: hard

"streamsearch@npm:^1.1.0":
  version: 1.1.0
  resolution: "streamsearch@npm:1.1.0"
  checksum: 10c0/fbd9aecc2621364384d157f7e59426f4bfd385e8b424b5aaa79c83a6f5a1c8fd2e4e3289e95de1eb3511cb96bb333d6281a9919fafce760e4edb35b2cd2facab
  languageName: node
  linkType: hard

"styled-jsx@npm:5.1.6":
  version: 5.1.6
  resolution: "styled-jsx@npm:5.1.6"
  dependencies:
    client-only: "npm:0.0.1"
  peerDependencies:
    react: ">= 16.8.0 || 17.x.x || ^18.0.0-0 || ^19.0.0-0"
  peerDependenciesMeta:
    "@babel/core":
      optional: true
    babel-plugin-macros:
      optional: true
  checksum: 10c0/ace50e7ea5ae5ae6a3b65a50994c51fca6ae7df9c7ecfd0104c36be0b4b3a9c5c1a2374d16e2a11e256d0b20be6d47256d768ecb4f91ab390f60752a075780f5
  languageName: node
  linkType: hard

"tailwindcss@npm:4.1.14, tailwindcss@npm:^4":
  version: 4.1.14
  resolution: "tailwindcss@npm:4.1.14"
  checksum: 10c0/c7e9ebfb241707b2a3eb7d465fd326cc8fcfa22e7215e01f67cccec32db8a49a19e17d1f694fc5d0435d55350ea3f863521c52c9bbe6bd790c2009dc8ff516a1
  languageName: node
  linkType: hard

"tapable@npm:^2.2.0":
  version: 2.3.0
  resolution: "tapable@npm:2.3.0"
  checksum: 10c0/cb9d67cc2c6a74dedc812ef3085d9d681edd2c1fa18e4aef57a3c0605fdbe44e6b8ea00bd9ef21bc74dd45314e39d31227aa031ebf2f5e38164df514136f2681
  languageName: node
  linkType: hard

"tar@npm:^7.5.1":
  version: 7.5.1
  resolution: "tar@npm:7.5.1"
  dependencies:
    "@isaacs/fs-minipass": "npm:^4.0.0"
    chownr: "npm:^3.0.0"
    minipass: "npm:^7.1.2"
    minizlib: "npm:^3.1.0"
    yallist: "npm:^5.0.0"
  checksum: 10c0/0dad0596a61586180981133b20c32cfd93c5863c5b7140d646714e6ea8ec84583b879e5dc3928a4d683be6e6109ad7ea3de1cf71986d5194f81b3a016c8858c9
  languageName: node
  linkType: hard

"tslib@npm:^2.4.0, tslib@npm:^2.8.0":
  version: 2.8.1
  resolution: "tslib@npm:2.8.1"
  checksum: 10c0/9c4759110a19c53f992d9aae23aac5ced636e99887b51b9e61def52611732872ff7668757d4e4c61f19691e36f4da981cd9485e869b4a7408d689f6bf1f14e62
  languageName: node
  linkType: hard

"typescript@npm:^5.7.3":
  version: 5.9.3
  resolution: "typescript@npm:5.9.3"
  bin:
    tsc: bin/tsc
    tsserver: bin/tsserver
  checksum: 10c0/6bd7552ce39f97e711db5aa048f6f9995b53f1c52f7d8667c1abdc1700c68a76a308f579cd309ce6b53646deb4e9a1be7c813a93baaf0a28ccd536a30270e1c5
  languageName: node
  linkType: hard

"typescript@patch:typescript@npm%3A^5.7.3#optional!builtin<compat/typescript>":
  version: 5.9.3
  resolution: "typescript@patch:typescript@npm%3A5.9.3#optional!builtin<compat/typescript>::version=5.9.3&hash=5786d5"
  bin:
    tsc: bin/tsc
    tsserver: bin/tsserver
  checksum: 10c0/ad09fdf7a756814dce65bc60c1657b40d44451346858eea230e10f2e95a289d9183b6e32e5c11e95acc0ccc214b4f36289dcad4bf1886b0adb84d711d336a430
  languageName: node
  linkType: hard

"undici-types@npm:~6.21.0":
  version: 6.21.0
  resolution: "undici-types@npm:6.21.0"
  checksum: 10c0/c01ed51829b10aa72fc3ce64b747f8e74ae9b60eafa19a7b46ef624403508a54c526ffab06a14a26b3120d055e1104d7abe7c9017e83ced038ea5cf52f8d5e04
  languageName: node
  linkType: hard

"yallist@npm:^5.0.0":
  version: 5.0.0
  resolution: "yallist@npm:5.0.0"
  checksum: 10c0/a499c81ce6d4a1d260d4ea0f6d49ab4da09681e32c3f0472dee16667ed69d01dae63a3b81745a24bd78476ec4fcf856114cb4896ace738e01da34b2c42235416
  languageName: node
  linkType: hard

"zazubot-landing-next@workspace:.":
  version: 0.0.0-use.local
  resolution: "zazubot-landing-next@workspace:."
  dependencies:
    "@calcom/embed-react": "npm:^1.5.2"
    "@tailwindcss/forms": "npm:^0.5.10"
    "@tailwindcss/postcss": "npm:^4"
    "@typebot.io/nextjs": "npm:^0.3.76"
    "@types/aos": "npm:^3.0.7"
    "@types/node": "npm:^22.13.0"
    "@types/react": "npm:19.0.8"
    "@types/react-dom": "npm:19.0.3"
    aos: "npm:3.0.0-beta.6"
    lucide-react: "npm:^0.486.0"
    next: "npm:15.5.4"
    postcss: "npm:^8.5.1"
    prettier-plugin-tailwindcss: "npm:^0.6.11"
    react: "npm:19.1.0"
    react-dom: "npm:19.1.0"
    tailwindcss: "npm:^4"
    typescript: "npm:^5.7.3"
  languageName: unknown
  linkType: soft
