# This file is generated by running "yarn install" inside your project.
# Manual changes might be lost - proceed with caution!

__metadata:
  version: 8
  cacheKey: 10c0

"@alloc/quick-lru@npm:^5.2.0":
  version: 5.2.0
  resolution: "@alloc/quick-lru@npm:5.2.0"
  checksum: 10c0/7b878c48b9d25277d0e1a9b8b2f2312a314af806b4129dc902f2bc29ab09b58236e53964689feec187b28c80d2203aff03829754773a707a8a5987f1b7682d92
  languageName: node
  linkType: hard

"@calcom/embed-core@npm:1.5.2":
  version: 1.5.2
  resolution: "@calcom/embed-core@npm:1.5.2"
  checksum: 10c0/875dde0d95a36ca076f8c1d3ced4b25b542a7fadc8f3982a4b75dd37f4c5409925f3a51c25abad68dfa1c5510d96241469f46248b187dc885052b6aae3cbf522
  languageName: node
  linkType: hard

"@calcom/embed-react@npm:^1.5.2":
  version: 1.5.2
  resolution: "@calcom/embed-react@npm:1.5.2"
  dependencies:
    "@calcom/embed-core": "npm:1.5.2"
    "@calcom/embed-snippet": "npm:1.3.2"
  peerDependencies:
    react: ^18.2.0
    react-dom: ^18.2.0
  checksum: 10c0/74d422e197badbe3bae62349d85205febf34b6efaedbacdd8bf62ce274c6560be7ed8e3d56272c8e520643600e345f4798b1f7f238ee92345b22c87efbc598b2
  languageName: node
  linkType: hard

"@calcom/embed-snippet@npm:1.3.2":
  version: 1.3.2
  resolution: "@calcom/embed-snippet@npm:1.3.2"
  dependencies:
    "@calcom/embed-core": "npm:1.5.2"
  checksum: 10c0/5587d735e6438c14d5b1f4b6dea9f295bd88d42648a88c042d07b87cfc5020fb9ba544aaf1f119ede5b685c93e441aa5360f1a4305ea0492308618e2b9d699a8
  languageName: node
  linkType: hard

"@emailjs/browser@npm:^4.4.1":
  version: 4.4.1
  resolution: "@emailjs/browser@npm:4.4.1"
  checksum: 10c0/91c3d1702818dc2db61f382f5295e469ce2e6acb4d683d65239e0a12dea8b635cd8cea60ef9a83f2aa8fce857b1f8f8663e02dcd7f529cbf902f1f0e6d0d1b44
  languageName: node
  linkType: hard

"@emnapi/runtime@npm:^1.2.0":
  version: 1.3.1
  resolution: "@emnapi/runtime@npm:1.3.1"
  dependencies:
    tslib: "npm:^2.4.0"
  checksum: 10c0/060ffede50f1b619c15083312b80a9e62a5b0c87aa8c1b54854c49766c9d69f8d1d3d87bd963a647071263a320db41b25eaa50b74d6a80dcc763c23dbeaafd6c
  languageName: node
  linkType: hard

"@img/sharp-darwin-arm64@npm:0.33.5":
  version: 0.33.5
  resolution: "@img/sharp-darwin-arm64@npm:0.33.5"
  dependencies:
    "@img/sharp-libvips-darwin-arm64": "npm:1.0.4"
  dependenciesMeta:
    "@img/sharp-libvips-darwin-arm64":
      optional: true
  conditions: os=darwin & cpu=arm64
  languageName: node
  linkType: hard

"@img/sharp-darwin-x64@npm:0.33.5":
  version: 0.33.5
  resolution: "@img/sharp-darwin-x64@npm:0.33.5"
  dependencies:
    "@img/sharp-libvips-darwin-x64": "npm:1.0.4"
  dependenciesMeta:
    "@img/sharp-libvips-darwin-x64":
      optional: true
  conditions: os=darwin & cpu=x64
  languageName: node
  linkType: hard

"@img/sharp-libvips-darwin-arm64@npm:1.0.4":
  version: 1.0.4
  resolution: "@img/sharp-libvips-darwin-arm64@npm:1.0.4"
  conditions: os=darwin & cpu=arm64
  languageName: node
  linkType: hard

"@img/sharp-libvips-darwin-x64@npm:1.0.4":
  version: 1.0.4
  resolution: "@img/sharp-libvips-darwin-x64@npm:1.0.4"
  conditions: os=darwin & cpu=x64
  languageName: node
  linkType: hard

"@img/sharp-libvips-linux-arm64@npm:1.0.4":
  version: 1.0.4
  resolution: "@img/sharp-libvips-linux-arm64@npm:1.0.4"
  conditions: os=linux & cpu=arm64 & libc=glibc
  languageName: node
  linkType: hard

"@img/sharp-libvips-linux-arm@npm:1.0.5":
  version: 1.0.5
  resolution: "@img/sharp-libvips-linux-arm@npm:1.0.5"
  conditions: os=linux & cpu=arm & libc=glibc
  languageName: node
  linkType: hard

"@img/sharp-libvips-linux-s390x@npm:1.0.4":
  version: 1.0.4
  resolution: "@img/sharp-libvips-linux-s390x@npm:1.0.4"
  conditions: os=linux & cpu=s390x & libc=glibc
  languageName: node
  linkType: hard

"@img/sharp-libvips-linux-x64@npm:1.0.4":
  version: 1.0.4
  resolution: "@img/sharp-libvips-linux-x64@npm:1.0.4"
  conditions: os=linux & cpu=x64 & libc=glibc
  languageName: node
  linkType: hard

"@img/sharp-libvips-linuxmusl-arm64@npm:1.0.4":
  version: 1.0.4
  resolution: "@img/sharp-libvips-linuxmusl-arm64@npm:1.0.4"
  conditions: os=linux & cpu=arm64 & libc=musl
  languageName: node
  linkType: hard

"@img/sharp-libvips-linuxmusl-x64@npm:1.0.4":
  version: 1.0.4
  resolution: "@img/sharp-libvips-linuxmusl-x64@npm:1.0.4"
  conditions: os=linux & cpu=x64 & libc=musl
  languageName: node
  linkType: hard

"@img/sharp-linux-arm64@npm:0.33.5":
  version: 0.33.5
  resolution: "@img/sharp-linux-arm64@npm:0.33.5"
  dependencies:
    "@img/sharp-libvips-linux-arm64": "npm:1.0.4"
  dependenciesMeta:
    "@img/sharp-libvips-linux-arm64":
      optional: true
  conditions: os=linux & cpu=arm64 & libc=glibc
  languageName: node
  linkType: hard

"@img/sharp-linux-arm@npm:0.33.5":
  version: 0.33.5
  resolution: "@img/sharp-linux-arm@npm:0.33.5"
  dependencies:
    "@img/sharp-libvips-linux-arm": "npm:1.0.5"
  dependenciesMeta:
    "@img/sharp-libvips-linux-arm":
      optional: true
  conditions: os=linux & cpu=arm & libc=glibc
  languageName: node
  linkType: hard

"@img/sharp-linux-s390x@npm:0.33.5":
  version: 0.33.5
  resolution: "@img/sharp-linux-s390x@npm:0.33.5"
  dependencies:
    "@img/sharp-libvips-linux-s390x": "npm:1.0.4"
  dependenciesMeta:
    "@img/sharp-libvips-linux-s390x":
      optional: true
  conditions: os=linux & cpu=s390x & libc=glibc
  languageName: node
  linkType: hard

"@img/sharp-linux-x64@npm:0.33.5":
  version: 0.33.5
  resolution: "@img/sharp-linux-x64@npm:0.33.5"
  dependencies:
    "@img/sharp-libvips-linux-x64": "npm:1.0.4"
  dependenciesMeta:
    "@img/sharp-libvips-linux-x64":
      optional: true
  conditions: os=linux & cpu=x64 & libc=glibc
  languageName: node
  linkType: hard

"@img/sharp-linuxmusl-arm64@npm:0.33.5":
  version: 0.33.5
  resolution: "@img/sharp-linuxmusl-arm64@npm:0.33.5"
  dependencies:
    "@img/sharp-libvips-linuxmusl-arm64": "npm:1.0.4"
  dependenciesMeta:
    "@img/sharp-libvips-linuxmusl-arm64":
      optional: true
  conditions: os=linux & cpu=arm64 & libc=musl
  languageName: node
  linkType: hard

"@img/sharp-linuxmusl-x64@npm:0.33.5":
  version: 0.33.5
  resolution: "@img/sharp-linuxmusl-x64@npm:0.33.5"
  dependencies:
    "@img/sharp-libvips-linuxmusl-x64": "npm:1.0.4"
  dependenciesMeta:
    "@img/sharp-libvips-linuxmusl-x64":
      optional: true
  conditions: os=linux & cpu=x64 & libc=musl
  languageName: node
  linkType: hard

"@img/sharp-wasm32@npm:0.33.5":
  version: 0.33.5
  resolution: "@img/sharp-wasm32@npm:0.33.5"
  dependencies:
    "@emnapi/runtime": "npm:^1.2.0"
  conditions: cpu=wasm32
  languageName: node
  linkType: hard

"@img/sharp-win32-ia32@npm:0.33.5":
  version: 0.33.5
  resolution: "@img/sharp-win32-ia32@npm:0.33.5"
  conditions: os=win32 & cpu=ia32
  languageName: node
  linkType: hard

"@img/sharp-win32-x64@npm:0.33.5":
  version: 0.33.5
  resolution: "@img/sharp-win32-x64@npm:0.33.5"
  conditions: os=win32 & cpu=x64
  languageName: node
  linkType: hard

"@next/env@npm:14.2.13":
  version: 14.2.13
  resolution: "@next/env@npm:14.2.13"
  checksum: 10c0/d7e4a5ad5ee9e2d7a819a208e3c187fae7e69446360bb25354ce9c4a82696adbc6545a11ee67e940b99e1c0a614a27cb308b882ae23b6c633f36e313a458423a
  languageName: node
  linkType: hard

"@next/env@npm:15.1.6":
  version: 15.1.6
  resolution: "@next/env@npm:15.1.6"
  checksum: 10c0/b68d541abe0cf5f8bab83633680c193ff1756e73b024ffb18c146502a588e038ee705c6064d9c39609a9c0097c563162a296ae43041b34e06831f5b72a215121
  languageName: node
  linkType: hard

"@next/swc-darwin-arm64@npm:14.2.13":
  version: 14.2.13
  resolution: "@next/swc-darwin-arm64@npm:14.2.13"
  conditions: os=darwin & cpu=arm64
  languageName: node
  linkType: hard

"@next/swc-darwin-arm64@npm:15.1.6":
  version: 15.1.6
  resolution: "@next/swc-darwin-arm64@npm:15.1.6"
  conditions: os=darwin & cpu=arm64
  languageName: node
  linkType: hard

"@next/swc-darwin-x64@npm:14.2.13":
  version: 14.2.13
  resolution: "@next/swc-darwin-x64@npm:14.2.13"
  conditions: os=darwin & cpu=x64
  languageName: node
  linkType: hard

"@next/swc-darwin-x64@npm:15.1.6":
  version: 15.1.6
  resolution: "@next/swc-darwin-x64@npm:15.1.6"
  conditions: os=darwin & cpu=x64
  languageName: node
  linkType: hard

"@next/swc-linux-arm64-gnu@npm:14.2.13":
  version: 14.2.13
  resolution: "@next/swc-linux-arm64-gnu@npm:14.2.13"
  conditions: os=linux & cpu=arm64 & libc=glibc
  languageName: node
  linkType: hard

"@next/swc-linux-arm64-gnu@npm:15.1.6":
  version: 15.1.6
  resolution: "@next/swc-linux-arm64-gnu@npm:15.1.6"
  conditions: os=linux & cpu=arm64 & libc=glibc
  languageName: node
  linkType: hard

"@next/swc-linux-arm64-musl@npm:14.2.13":
  version: 14.2.13
  resolution: "@next/swc-linux-arm64-musl@npm:14.2.13"
  conditions: os=linux & cpu=arm64 & libc=musl
  languageName: node
  linkType: hard

"@next/swc-linux-arm64-musl@npm:15.1.6":
  version: 15.1.6
  resolution: "@next/swc-linux-arm64-musl@npm:15.1.6"
  conditions: os=linux & cpu=arm64 & libc=musl
  languageName: node
  linkType: hard

"@next/swc-linux-x64-gnu@npm:14.2.13":
  version: 14.2.13
  resolution: "@next/swc-linux-x64-gnu@npm:14.2.13"
  conditions: os=linux & cpu=x64 & libc=glibc
  languageName: node
  linkType: hard

"@next/swc-linux-x64-gnu@npm:15.1.6":
  version: 15.1.6
  resolution: "@next/swc-linux-x64-gnu@npm:15.1.6"
  conditions: os=linux & cpu=x64 & libc=glibc
  languageName: node
  linkType: hard

"@next/swc-linux-x64-musl@npm:14.2.13":
  version: 14.2.13
  resolution: "@next/swc-linux-x64-musl@npm:14.2.13"
  conditions: os=linux & cpu=x64 & libc=musl
  languageName: node
  linkType: hard

"@next/swc-linux-x64-musl@npm:15.1.6":
  version: 15.1.6
  resolution: "@next/swc-linux-x64-musl@npm:15.1.6"
  conditions: os=linux & cpu=x64 & libc=musl
  languageName: node
  linkType: hard

"@next/swc-win32-arm64-msvc@npm:14.2.13":
  version: 14.2.13
  resolution: "@next/swc-win32-arm64-msvc@npm:14.2.13"
  conditions: os=win32 & cpu=arm64
  languageName: node
  linkType: hard

"@next/swc-win32-arm64-msvc@npm:15.1.6":
  version: 15.1.6
  resolution: "@next/swc-win32-arm64-msvc@npm:15.1.6"
  conditions: os=win32 & cpu=arm64
  languageName: node
  linkType: hard

"@next/swc-win32-ia32-msvc@npm:14.2.13":
  version: 14.2.13
  resolution: "@next/swc-win32-ia32-msvc@npm:14.2.13"
  conditions: os=win32 & cpu=ia32
  languageName: node
  linkType: hard

"@next/swc-win32-x64-msvc@npm:14.2.13":
  version: 14.2.13
  resolution: "@next/swc-win32-x64-msvc@npm:14.2.13"
  conditions: os=win32 & cpu=x64
  languageName: node
  linkType: hard

"@next/swc-win32-x64-msvc@npm:15.1.6":
  version: 15.1.6
  resolution: "@next/swc-win32-x64-msvc@npm:15.1.6"
  conditions: os=win32 & cpu=x64
  languageName: node
  linkType: hard

"@swc/counter@npm:0.1.3, @swc/counter@npm:^0.1.3":
  version: 0.1.3
  resolution: "@swc/counter@npm:0.1.3"
  checksum: 10c0/8424f60f6bf8694cfd2a9bca45845bce29f26105cda8cf19cdb9fd3e78dc6338699e4db77a89ae449260bafa1cc6bec307e81e7fb96dbf7dcfce0eea55151356
  languageName: node
  linkType: hard

"@swc/helpers@npm:0.5.15":
  version: 0.5.15
  resolution: "@swc/helpers@npm:0.5.15"
  dependencies:
    tslib: "npm:^2.8.0"
  checksum: 10c0/33002f74f6f885f04c132960835fdfc474186983ea567606db62e86acd0680ca82f34647e8e610f4e1e422d1c16fce729dde22cd3b797ab1fd9061a825dabca4
  languageName: node
  linkType: hard

"@swc/helpers@npm:0.5.5":
  version: 0.5.5
  resolution: "@swc/helpers@npm:0.5.5"
  dependencies:
    "@swc/counter": "npm:^0.1.3"
    tslib: "npm:^2.4.0"
  checksum: 10c0/21a9b9cfe7e00865f9c9f3eb4c1cc5b397143464f7abee76a2c5366e591e06b0155b5aac93fe8269ef8d548df253f6fd931e9ddfc0fd12efd405f90f45506e7d
  languageName: node
  linkType: hard

"@tailwindcss/forms@npm:^0.5.10":
  version: 0.5.10
  resolution: "@tailwindcss/forms@npm:0.5.10"
  dependencies:
    mini-svg-data-uri: "npm:^1.2.3"
  peerDependencies:
    tailwindcss: ">=3.0.0 || >= 3.0.0-alpha.1 || >= 4.0.0-alpha.20 || >= 4.0.0-beta.1"
  checksum: 10c0/235cbf08edf09362418808ebddcc767c9e151fba55f3d7d2d5c47862c715b6169204b9277461036707b4c30f3fb1e217933278f80525840e198f8e7dd9168e0d
  languageName: node
  linkType: hard

"@tailwindcss/node@npm:4.0.11":
  version: 4.0.11
  resolution: "@tailwindcss/node@npm:4.0.11"
  dependencies:
    enhanced-resolve: "npm:^5.18.1"
    jiti: "npm:^2.4.2"
    tailwindcss: "npm:4.0.11"
  checksum: 10c0/193a6a01d174b7c871a4fb3bd215956b10c122865a0e94643acaa21bcdbd4ab2684ba8d26436379d883f2b6cb593ece1092fcd153e707e797a47f54ce790d61f
  languageName: node
  linkType: hard

"@tailwindcss/oxide-android-arm64@npm:4.0.11":
  version: 4.0.11
  resolution: "@tailwindcss/oxide-android-arm64@npm:4.0.11"
  conditions: os=android & cpu=arm64
  languageName: node
  linkType: hard

"@tailwindcss/oxide-darwin-arm64@npm:4.0.11":
  version: 4.0.11
  resolution: "@tailwindcss/oxide-darwin-arm64@npm:4.0.11"
  conditions: os=darwin & cpu=arm64
  languageName: node
  linkType: hard

"@tailwindcss/oxide-darwin-x64@npm:4.0.11":
  version: 4.0.11
  resolution: "@tailwindcss/oxide-darwin-x64@npm:4.0.11"
  conditions: os=darwin & cpu=x64
  languageName: node
  linkType: hard

"@tailwindcss/oxide-freebsd-x64@npm:4.0.11":
  version: 4.0.11
  resolution: "@tailwindcss/oxide-freebsd-x64@npm:4.0.11"
  conditions: os=freebsd & cpu=x64
  languageName: node
  linkType: hard

"@tailwindcss/oxide-linux-arm-gnueabihf@npm:4.0.11":
  version: 4.0.11
  resolution: "@tailwindcss/oxide-linux-arm-gnueabihf@npm:4.0.11"
  conditions: os=linux & cpu=arm
  languageName: node
  linkType: hard

"@tailwindcss/oxide-linux-arm64-gnu@npm:4.0.11":
  version: 4.0.11
  resolution: "@tailwindcss/oxide-linux-arm64-gnu@npm:4.0.11"
  conditions: os=linux & cpu=arm64 & libc=glibc
  languageName: node
  linkType: hard

"@tailwindcss/oxide-linux-arm64-musl@npm:4.0.11":
  version: 4.0.11
  resolution: "@tailwindcss/oxide-linux-arm64-musl@npm:4.0.11"
  conditions: os=linux & cpu=arm64 & libc=musl
  languageName: node
  linkType: hard

"@tailwindcss/oxide-linux-x64-gnu@npm:4.0.11":
  version: 4.0.11
  resolution: "@tailwindcss/oxide-linux-x64-gnu@npm:4.0.11"
  conditions: os=linux & cpu=x64 & libc=glibc
  languageName: node
  linkType: hard

"@tailwindcss/oxide-linux-x64-musl@npm:4.0.11":
  version: 4.0.11
  resolution: "@tailwindcss/oxide-linux-x64-musl@npm:4.0.11"
  conditions: os=linux & cpu=x64 & libc=musl
  languageName: node
  linkType: hard

"@tailwindcss/oxide-win32-arm64-msvc@npm:4.0.11":
  version: 4.0.11
  resolution: "@tailwindcss/oxide-win32-arm64-msvc@npm:4.0.11"
  conditions: os=win32 & cpu=arm64
  languageName: node
  linkType: hard

"@tailwindcss/oxide-win32-x64-msvc@npm:4.0.11":
  version: 4.0.11
  resolution: "@tailwindcss/oxide-win32-x64-msvc@npm:4.0.11"
  conditions: os=win32 & cpu=x64
  languageName: node
  linkType: hard

"@tailwindcss/oxide@npm:4.0.11":
  version: 4.0.11
  resolution: "@tailwindcss/oxide@npm:4.0.11"
  dependencies:
    "@tailwindcss/oxide-android-arm64": "npm:4.0.11"
    "@tailwindcss/oxide-darwin-arm64": "npm:4.0.11"
    "@tailwindcss/oxide-darwin-x64": "npm:4.0.11"
    "@tailwindcss/oxide-freebsd-x64": "npm:4.0.11"
    "@tailwindcss/oxide-linux-arm-gnueabihf": "npm:4.0.11"
    "@tailwindcss/oxide-linux-arm64-gnu": "npm:4.0.11"
    "@tailwindcss/oxide-linux-arm64-musl": "npm:4.0.11"
    "@tailwindcss/oxide-linux-x64-gnu": "npm:4.0.11"
    "@tailwindcss/oxide-linux-x64-musl": "npm:4.0.11"
    "@tailwindcss/oxide-win32-arm64-msvc": "npm:4.0.11"
    "@tailwindcss/oxide-win32-x64-msvc": "npm:4.0.11"
  dependenciesMeta:
    "@tailwindcss/oxide-android-arm64":
      optional: true
    "@tailwindcss/oxide-darwin-arm64":
      optional: true
    "@tailwindcss/oxide-darwin-x64":
      optional: true
    "@tailwindcss/oxide-freebsd-x64":
      optional: true
    "@tailwindcss/oxide-linux-arm-gnueabihf":
      optional: true
    "@tailwindcss/oxide-linux-arm64-gnu":
      optional: true
    "@tailwindcss/oxide-linux-arm64-musl":
      optional: true
    "@tailwindcss/oxide-linux-x64-gnu":
      optional: true
    "@tailwindcss/oxide-linux-x64-musl":
      optional: true
    "@tailwindcss/oxide-win32-arm64-msvc":
      optional: true
    "@tailwindcss/oxide-win32-x64-msvc":
      optional: true
  checksum: 10c0/a80b7570f11c614251b2acf707b428f92d71020a98c10787a210df3cee8961f77be199a99d391e002c0286a86d35c4fd2ba2b15077c223f406efcb82c103722f
  languageName: node
  linkType: hard

"@tailwindcss/postcss@npm:^4.0.3":
  version: 4.0.11
  resolution: "@tailwindcss/postcss@npm:4.0.11"
  dependencies:
    "@alloc/quick-lru": "npm:^5.2.0"
    "@tailwindcss/node": "npm:4.0.11"
    "@tailwindcss/oxide": "npm:4.0.11"
    lightningcss: "npm:^1.29.1"
    postcss: "npm:^8.4.41"
    tailwindcss: "npm:4.0.11"
  checksum: 10c0/9f38f5dadb473833f4db129e2e0ba5f31c6d250d5a92e4b2ce1ed6aa771688b9da9a31029ae7c08a578a0a6eb1a0987f0208a02df0fcab8a04ae44eb3dd4e7f3
  languageName: node
  linkType: hard

"@typebot.io/js@npm:0.3.73":
  version: 0.3.73
  resolution: "@typebot.io/js@npm:0.3.73"
  checksum: 10c0/b678932081973b76ddd48e8b032b83314d7951c9656c2f5b9d7f72bb159c2cc5814eeb1c12da078bc6c44440e28823b53b5b24ae6c1ceb4aa7f737512f474c8b
  languageName: node
  linkType: hard

"@typebot.io/nextjs@npm:^0.3.76":
  version: 0.3.76
  resolution: "@typebot.io/nextjs@npm:0.3.76"
  dependencies:
    "@typebot.io/js": "npm:0.3.73"
    next: "npm:14.2.13"
    react: "npm:18.3.1"
  peerDependencies:
    "@typebot.io/js": 0.3.22
    next: 12.x || 13.x || 14.x
    react: ^16.0.0 || ^17.0.0 || ^18.0.0
  checksum: 10c0/9611d8c86465d44f16bd3ea3494f89e19357b211f5da4f93132908a2d15a4182f94aa1118695dcfc3b73eb926b57d33dc67fe01a9d12d56b10e3a6d1913cd429
  languageName: node
  linkType: hard

"@types/aos@npm:^3.0.7":
  version: 3.0.7
  resolution: "@types/aos@npm:3.0.7"
  checksum: 10c0/816a1840abcf5eec59fe603bb841f2895d975bc3ca80585407932048ac12f86f1c09ede923d07b4e3b15bb72e31d3ac89652083dfe3507571d08309cfcd4d6d6
  languageName: node
  linkType: hard

"@types/node@npm:^22.13.0":
  version: 22.13.9
  resolution: "@types/node@npm:22.13.9"
  dependencies:
    undici-types: "npm:~6.20.0"
  checksum: 10c0/eb6acd04169a076631dcaab712128d492cd17a1b3f10daae4a377f3d439c860c3cd3e32f4ef221671f56183b976ac7c4089f4193457314a88675ead4663438a4
  languageName: node
  linkType: hard

"@types/react-dom@npm:19.0.3":
  version: 19.0.3
  resolution: "@types/react-dom@npm:19.0.3"
  peerDependencies:
    "@types/react": ^19.0.0
  checksum: 10c0/3867427b333cbe8cbba496d7cc20ec9676d32c25ae44f4d1263a4129d42e57cf4adf0039ad263432f1215b88075c27d326e7eb4ed646128235d01a76e661d48f
  languageName: node
  linkType: hard

"@types/react@npm:19.0.8":
  version: 19.0.8
  resolution: "@types/react@npm:19.0.8"
  dependencies:
    csstype: "npm:^3.0.2"
  checksum: 10c0/5fa7236356b1476de03519c66ef65d4fd904826956105619e2ad60cb0b55ae7b251dd5fff02234076225b5e15333d0d936bf9dbe1d461406f8a2ba01c197ddcd
  languageName: node
  linkType: hard

"aos@npm:3.0.0-beta.6":
  version: 3.0.0-beta.6
  resolution: "aos@npm:3.0.0-beta.6"
  dependencies:
    classlist-polyfill: "npm:^1.2.0"
    lodash.debounce: "npm:^4.0.8"
    lodash.throttle: "npm:^4.1.1"
  checksum: 10c0/e64840f87275a06626c8bc66aa47ddc9974b14bb67f88ba628987575d213d6a00fa028aa301ecfa1f081fdea9782234289896f01cb09763860ed0e6fe22e6d10
  languageName: node
  linkType: hard

"busboy@npm:1.6.0":
  version: 1.6.0
  resolution: "busboy@npm:1.6.0"
  dependencies:
    streamsearch: "npm:^1.1.0"
  checksum: 10c0/fa7e836a2b82699b6e074393428b91ae579d4f9e21f5ac468e1b459a244341d722d2d22d10920cdd849743dbece6dca11d72de939fb75a7448825cf2babfba1f
  languageName: node
  linkType: hard

"caniuse-lite@npm:^1.0.30001579":
  version: 1.0.30001702
  resolution: "caniuse-lite@npm:1.0.30001702"
  checksum: 10c0/52d46f41a96d179fd4e387bb6b26898148c31b626ff9aba105d207d2b0f869c7cb32ac67a6e8e0aeba3f03f33145ccfbee237250dfb58dba8b6526b4dd395ac6
  languageName: node
  linkType: hard

"classlist-polyfill@npm:^1.2.0":
  version: 1.2.0
  resolution: "classlist-polyfill@npm:1.2.0"
  checksum: 10c0/97a6c6865daa1f74e6219f24bb5971c6b418aa9dcec0dcaab38283dbd9388af1c0057e9bd281b7236959059d971c55705bc055ee8382ee89f0c2d70749794cf3
  languageName: node
  linkType: hard

"client-only@npm:0.0.1":
  version: 0.0.1
  resolution: "client-only@npm:0.0.1"
  checksum: 10c0/9d6cfd0c19e1c96a434605added99dff48482152af791ec4172fb912a71cff9027ff174efd8cdb2160cc7f377543e0537ffc462d4f279bc4701de3f2a3c4b358
  languageName: node
  linkType: hard

"color-convert@npm:^2.0.1":
  version: 2.0.1
  resolution: "color-convert@npm:2.0.1"
  dependencies:
    color-name: "npm:~1.1.4"
  checksum: 10c0/37e1150172f2e311fe1b2df62c6293a342ee7380da7b9cfdba67ea539909afbd74da27033208d01d6d5cfc65ee7868a22e18d7e7648e004425441c0f8a15a7d7
  languageName: node
  linkType: hard

"color-name@npm:^1.0.0, color-name@npm:~1.1.4":
  version: 1.1.4
  resolution: "color-name@npm:1.1.4"
  checksum: 10c0/a1a3f914156960902f46f7f56bc62effc6c94e84b2cae157a526b1c1f74b677a47ec602bf68a61abfa2b42d15b7c5651c6dbe72a43af720bc588dff885b10f95
  languageName: node
  linkType: hard

"color-string@npm:^1.9.0":
  version: 1.9.1
  resolution: "color-string@npm:1.9.1"
  dependencies:
    color-name: "npm:^1.0.0"
    simple-swizzle: "npm:^0.2.2"
  checksum: 10c0/b0bfd74c03b1f837f543898b512f5ea353f71630ccdd0d66f83028d1f0924a7d4272deb278b9aef376cacf1289b522ac3fb175e99895283645a2dc3a33af2404
  languageName: node
  linkType: hard

"color@npm:^4.2.3":
  version: 4.2.3
  resolution: "color@npm:4.2.3"
  dependencies:
    color-convert: "npm:^2.0.1"
    color-string: "npm:^1.9.0"
  checksum: 10c0/7fbe7cfb811054c808349de19fb380252e5e34e61d7d168ec3353e9e9aacb1802674bddc657682e4e9730c2786592a4de6f8283e7e0d3870b829bb0b7b2f6118
  languageName: node
  linkType: hard

"csstype@npm:^3.0.2":
  version: 3.1.3
  resolution: "csstype@npm:3.1.3"
  checksum: 10c0/80c089d6f7e0c5b2bd83cf0539ab41474198579584fa10d86d0cafe0642202343cbc119e076a0b1aece191989477081415d66c9fefbf3c957fc2fc4b7009f248
  languageName: node
  linkType: hard

"detect-libc@npm:^2.0.3":
  version: 2.0.3
  resolution: "detect-libc@npm:2.0.3"
  checksum: 10c0/88095bda8f90220c95f162bf92cad70bd0e424913e655c20578600e35b91edc261af27531cf160a331e185c0ced93944bc7e09939143225f56312d7fd800fdb7
  languageName: node
  linkType: hard

"enhanced-resolve@npm:^5.18.1":
  version: 5.18.1
  resolution: "enhanced-resolve@npm:5.18.1"
  dependencies:
    graceful-fs: "npm:^4.2.4"
    tapable: "npm:^2.2.0"
  checksum: 10c0/4cffd9b125225184e2abed9fdf0ed3dbd2224c873b165d0838fd066cde32e0918626cba2f1f4bf6860762f13a7e2364fd89a82b99566be2873d813573ac71846
  languageName: node
  linkType: hard

"graceful-fs@npm:^4.2.11, graceful-fs@npm:^4.2.4":
  version: 4.2.11
  resolution: "graceful-fs@npm:4.2.11"
  checksum: 10c0/386d011a553e02bc594ac2ca0bd6d9e4c22d7fa8cfbfc448a6d148c59ea881b092db9dbe3547ae4b88e55f1b01f7c4a2ecc53b310c042793e63aa44cf6c257f2
  languageName: node
  linkType: hard

"is-arrayish@npm:^0.3.1":
  version: 0.3.2
  resolution: "is-arrayish@npm:0.3.2"
  checksum: 10c0/f59b43dc1d129edb6f0e282595e56477f98c40278a2acdc8b0a5c57097c9eff8fe55470493df5775478cf32a4dc8eaf6d3a749f07ceee5bc263a78b2434f6a54
  languageName: node
  linkType: hard

"jiti@npm:^2.4.2":
  version: 2.4.2
  resolution: "jiti@npm:2.4.2"
  bin:
    jiti: lib/jiti-cli.mjs
  checksum: 10c0/4ceac133a08c8faff7eac84aabb917e85e8257f5ad659e843004ce76e981c457c390a220881748ac67ba1b940b9b729b30fb85cbaf6e7989f04b6002c94da331
  languageName: node
  linkType: hard

"js-tokens@npm:^3.0.0 || ^4.0.0":
  version: 4.0.0
  resolution: "js-tokens@npm:4.0.0"
  checksum: 10c0/e248708d377aa058eacf2037b07ded847790e6de892bbad3dac0abba2e759cb9f121b00099a65195616badcb6eca8d14d975cb3e89eb1cfda644756402c8aeed
  languageName: node
  linkType: hard

"lightningcss-darwin-arm64@npm:1.29.2":
  version: 1.29.2
  resolution: "lightningcss-darwin-arm64@npm:1.29.2"
  conditions: os=darwin & cpu=arm64
  languageName: node
  linkType: hard

"lightningcss-darwin-x64@npm:1.29.2":
  version: 1.29.2
  resolution: "lightningcss-darwin-x64@npm:1.29.2"
  conditions: os=darwin & cpu=x64
  languageName: node
  linkType: hard

"lightningcss-freebsd-x64@npm:1.29.2":
  version: 1.29.2
  resolution: "lightningcss-freebsd-x64@npm:1.29.2"
  conditions: os=freebsd & cpu=x64
  languageName: node
  linkType: hard

"lightningcss-linux-arm-gnueabihf@npm:1.29.2":
  version: 1.29.2
  resolution: "lightningcss-linux-arm-gnueabihf@npm:1.29.2"
  conditions: os=linux & cpu=arm
  languageName: node
  linkType: hard

"lightningcss-linux-arm64-gnu@npm:1.29.2":
  version: 1.29.2
  resolution: "lightningcss-linux-arm64-gnu@npm:1.29.2"
  conditions: os=linux & cpu=arm64 & libc=glibc
  languageName: node
  linkType: hard

"lightningcss-linux-arm64-musl@npm:1.29.2":
  version: 1.29.2
  resolution: "lightningcss-linux-arm64-musl@npm:1.29.2"
  conditions: os=linux & cpu=arm64 & libc=musl
  languageName: node
  linkType: hard

"lightningcss-linux-x64-gnu@npm:1.29.2":
  version: 1.29.2
  resolution: "lightningcss-linux-x64-gnu@npm:1.29.2"
  conditions: os=linux & cpu=x64 & libc=glibc
  languageName: node
  linkType: hard

"lightningcss-linux-x64-musl@npm:1.29.2":
  version: 1.29.2
  resolution: "lightningcss-linux-x64-musl@npm:1.29.2"
  conditions: os=linux & cpu=x64 & libc=musl
  languageName: node
  linkType: hard

"lightningcss-win32-arm64-msvc@npm:1.29.2":
  version: 1.29.2
  resolution: "lightningcss-win32-arm64-msvc@npm:1.29.2"
  conditions: os=win32 & cpu=arm64
  languageName: node
  linkType: hard

"lightningcss-win32-x64-msvc@npm:1.29.2":
  version: 1.29.2
  resolution: "lightningcss-win32-x64-msvc@npm:1.29.2"
  conditions: os=win32 & cpu=x64
  languageName: node
  linkType: hard

"lightningcss@npm:^1.29.1":
  version: 1.29.2
  resolution: "lightningcss@npm:1.29.2"
  dependencies:
    detect-libc: "npm:^2.0.3"
    lightningcss-darwin-arm64: "npm:1.29.2"
    lightningcss-darwin-x64: "npm:1.29.2"
    lightningcss-freebsd-x64: "npm:1.29.2"
    lightningcss-linux-arm-gnueabihf: "npm:1.29.2"
    lightningcss-linux-arm64-gnu: "npm:1.29.2"
    lightningcss-linux-arm64-musl: "npm:1.29.2"
    lightningcss-linux-x64-gnu: "npm:1.29.2"
    lightningcss-linux-x64-musl: "npm:1.29.2"
    lightningcss-win32-arm64-msvc: "npm:1.29.2"
    lightningcss-win32-x64-msvc: "npm:1.29.2"
  dependenciesMeta:
    lightningcss-darwin-arm64:
      optional: true
    lightningcss-darwin-x64:
      optional: true
    lightningcss-freebsd-x64:
      optional: true
    lightningcss-linux-arm-gnueabihf:
      optional: true
    lightningcss-linux-arm64-gnu:
      optional: true
    lightningcss-linux-arm64-musl:
      optional: true
    lightningcss-linux-x64-gnu:
      optional: true
    lightningcss-linux-x64-musl:
      optional: true
    lightningcss-win32-arm64-msvc:
      optional: true
    lightningcss-win32-x64-msvc:
      optional: true
  checksum: 10c0/e06bb99c98e9f56cfcf37b5ce0e0198cdeeac2993ef2e5b878b6b0934fff54c7528f38bf8875e7bd71e64c9b20b29c0cada222d1e0089c8f94c1159bbb5d611f
  languageName: node
  linkType: hard

"lodash.debounce@npm:^4.0.8":
  version: 4.0.8
  resolution: "lodash.debounce@npm:4.0.8"
  checksum: 10c0/762998a63e095412b6099b8290903e0a8ddcb353ac6e2e0f2d7e7d03abd4275fe3c689d88960eb90b0dde4f177554d51a690f22a343932ecbc50a5d111849987
  languageName: node
  linkType: hard

"lodash.throttle@npm:^4.1.1":
  version: 4.1.1
  resolution: "lodash.throttle@npm:4.1.1"
  checksum: 10c0/14628013e9e7f65ac904fc82fd8ecb0e55a9c4c2416434b1dd9cf64ae70a8937f0b15376a39a68248530adc64887ed0fe2b75204b2c9ec3eea1cb2d66ddd125d
  languageName: node
  linkType: hard

"loose-envify@npm:^1.1.0":
  version: 1.4.0
  resolution: "loose-envify@npm:1.4.0"
  dependencies:
    js-tokens: "npm:^3.0.0 || ^4.0.0"
  bin:
    loose-envify: cli.js
  checksum: 10c0/655d110220983c1a4b9c0c679a2e8016d4b67f6e9c7b5435ff5979ecdb20d0813f4dec0a08674fcbdd4846a3f07edbb50a36811fd37930b94aaa0d9daceb017e
  languageName: node
  linkType: hard

"lucide-react@npm:^0.486.0":
  version: 0.486.0
  resolution: "lucide-react@npm:0.486.0"
  peerDependencies:
    react: ^16.5.1 || ^17.0.0 || ^18.0.0 || ^19.0.0
  checksum: 10c0/1206165b79f243ee32473897629e6a3ec1a8993bc35470e2bde8ece7193f758f27be891f3d380afcdb3b96659677d6c0fb4414b29ee0a6817d2388ac6d58c3b0
  languageName: node
  linkType: hard

"mini-svg-data-uri@npm:^1.2.3":
  version: 1.4.4
  resolution: "mini-svg-data-uri@npm:1.4.4"
  bin:
    mini-svg-data-uri: cli.js
  checksum: 10c0/24545fa30b5a45449241bf19c25b8bc37594b63ec06401b3d563bd1c2e8a6abb7c18741f8b354e0064baa63c291be214154bf3a66f201ae71dfab3cc1a5e3191
  languageName: node
  linkType: hard

"nanoid@npm:^3.3.6, nanoid@npm:^3.3.8":
  version: 3.3.8
  resolution: "nanoid@npm:3.3.8"
  bin:
    nanoid: bin/nanoid.cjs
  checksum: 10c0/4b1bb29f6cfebf3be3bc4ad1f1296fb0a10a3043a79f34fbffe75d1621b4318319211cd420549459018ea3592f0d2f159247a6f874911d6d26eaaadda2478120
  languageName: node
  linkType: hard

"next@npm:14.2.13":
  version: 14.2.13
  resolution: "next@npm:14.2.13"
  dependencies:
    "@next/env": "npm:14.2.13"
    "@next/swc-darwin-arm64": "npm:14.2.13"
    "@next/swc-darwin-x64": "npm:14.2.13"
    "@next/swc-linux-arm64-gnu": "npm:14.2.13"
    "@next/swc-linux-arm64-musl": "npm:14.2.13"
    "@next/swc-linux-x64-gnu": "npm:14.2.13"
    "@next/swc-linux-x64-musl": "npm:14.2.13"
    "@next/swc-win32-arm64-msvc": "npm:14.2.13"
    "@next/swc-win32-ia32-msvc": "npm:14.2.13"
    "@next/swc-win32-x64-msvc": "npm:14.2.13"
    "@swc/helpers": "npm:0.5.5"
    busboy: "npm:1.6.0"
    caniuse-lite: "npm:^1.0.30001579"
    graceful-fs: "npm:^4.2.11"
    postcss: "npm:8.4.31"
    styled-jsx: "npm:5.1.1"
  peerDependencies:
    "@opentelemetry/api": ^1.1.0
    "@playwright/test": ^1.41.2
    react: ^18.2.0
    react-dom: ^18.2.0
    sass: ^1.3.0
  dependenciesMeta:
    "@next/swc-darwin-arm64":
      optional: true
    "@next/swc-darwin-x64":
      optional: true
    "@next/swc-linux-arm64-gnu":
      optional: true
    "@next/swc-linux-arm64-musl":
      optional: true
    "@next/swc-linux-x64-gnu":
      optional: true
    "@next/swc-linux-x64-musl":
      optional: true
    "@next/swc-win32-arm64-msvc":
      optional: true
    "@next/swc-win32-ia32-msvc":
      optional: true
    "@next/swc-win32-x64-msvc":
      optional: true
  peerDependenciesMeta:
    "@opentelemetry/api":
      optional: true
    "@playwright/test":
      optional: true
    sass:
      optional: true
  bin:
    next: dist/bin/next
  checksum: 10c0/ef3aa074e9c7e0de95a9815cbbe9eee98bd190ed2ede982a2c0e00a8b438ac76193a3a6d2acabbadfd66f1f463ca97e84390a352ab0822f865c5524b356fdb31
  languageName: node
  linkType: hard

"next@npm:15.1.6":
  version: 15.1.6
  resolution: "next@npm:15.1.6"
  dependencies:
    "@next/env": "npm:15.1.6"
    "@next/swc-darwin-arm64": "npm:15.1.6"
    "@next/swc-darwin-x64": "npm:15.1.6"
    "@next/swc-linux-arm64-gnu": "npm:15.1.6"
    "@next/swc-linux-arm64-musl": "npm:15.1.6"
    "@next/swc-linux-x64-gnu": "npm:15.1.6"
    "@next/swc-linux-x64-musl": "npm:15.1.6"
    "@next/swc-win32-arm64-msvc": "npm:15.1.6"
    "@next/swc-win32-x64-msvc": "npm:15.1.6"
    "@swc/counter": "npm:0.1.3"
    "@swc/helpers": "npm:0.5.15"
    busboy: "npm:1.6.0"
    caniuse-lite: "npm:^1.0.30001579"
    postcss: "npm:8.4.31"
    sharp: "npm:^0.33.5"
    styled-jsx: "npm:5.1.6"
  peerDependencies:
    "@opentelemetry/api": ^1.1.0
    "@playwright/test": ^1.41.2
    babel-plugin-react-compiler: "*"
    react: ^18.2.0 || 19.0.0-rc-de68d2f4-20241204 || ^19.0.0
    react-dom: ^18.2.0 || 19.0.0-rc-de68d2f4-20241204 || ^19.0.0
    sass: ^1.3.0
  dependenciesMeta:
    "@next/swc-darwin-arm64":
      optional: true
    "@next/swc-darwin-x64":
      optional: true
    "@next/swc-linux-arm64-gnu":
      optional: true
    "@next/swc-linux-arm64-musl":
      optional: true
    "@next/swc-linux-x64-gnu":
      optional: true
    "@next/swc-linux-x64-musl":
      optional: true
    "@next/swc-win32-arm64-msvc":
      optional: true
    "@next/swc-win32-x64-msvc":
      optional: true
    sharp:
      optional: true
  peerDependenciesMeta:
    "@opentelemetry/api":
      optional: true
    "@playwright/test":
      optional: true
    babel-plugin-react-compiler:
      optional: true
    sass:
      optional: true
  bin:
    next: dist/bin/next
  checksum: 10c0/261d27589b159387700df5f40de7dee6edfc84525a090e2b29326084124fac87b033dea8b24ada2b6ade25ffc7e2169383b6e19c96ca0c33adb830f76a6d75be
  languageName: node
  linkType: hard

"picocolors@npm:^1.0.0, picocolors@npm:^1.1.1":
  version: 1.1.1
  resolution: "picocolors@npm:1.1.1"
  checksum: 10c0/e2e3e8170ab9d7c7421969adaa7e1b31434f789afb9b3f115f6b96d91945041ac3ceb02e9ec6fe6510ff036bcc0bf91e69a1772edc0b707e12b19c0f2d6bcf58
  languageName: node
  linkType: hard

"postcss@npm:8.4.31":
  version: 8.4.31
  resolution: "postcss@npm:8.4.31"
  dependencies:
    nanoid: "npm:^3.3.6"
    picocolors: "npm:^1.0.0"
    source-map-js: "npm:^1.0.2"
  checksum: 10c0/748b82e6e5fc34034dcf2ae88ea3d11fd09f69b6c50ecdd3b4a875cfc7cdca435c958b211e2cb52355422ab6fccb7d8f2f2923161d7a1b281029e4a913d59acf
  languageName: node
  linkType: hard

"postcss@npm:^8.4.41, postcss@npm:^8.5.1":
  version: 8.5.3
  resolution: "postcss@npm:8.5.3"
  dependencies:
    nanoid: "npm:^3.3.8"
    picocolors: "npm:^1.1.1"
    source-map-js: "npm:^1.2.1"
  checksum: 10c0/b75510d7b28c3ab728c8733dd01538314a18c52af426f199a3c9177e63eb08602a3938bfb66b62dc01350b9aed62087eabbf229af97a1659eb8d3513cec823b3
  languageName: node
  linkType: hard

"prettier-plugin-tailwindcss@npm:^0.6.11":
  version: 0.6.11
  resolution: "prettier-plugin-tailwindcss@npm:0.6.11"
  peerDependencies:
    "@ianvs/prettier-plugin-sort-imports": "*"
    "@prettier/plugin-pug": "*"
    "@shopify/prettier-plugin-liquid": "*"
    "@trivago/prettier-plugin-sort-imports": "*"
    "@zackad/prettier-plugin-twig": "*"
    prettier: ^3.0
    prettier-plugin-astro: "*"
    prettier-plugin-css-order: "*"
    prettier-plugin-import-sort: "*"
    prettier-plugin-jsdoc: "*"
    prettier-plugin-marko: "*"
    prettier-plugin-multiline-arrays: "*"
    prettier-plugin-organize-attributes: "*"
    prettier-plugin-organize-imports: "*"
    prettier-plugin-sort-imports: "*"
    prettier-plugin-style-order: "*"
    prettier-plugin-svelte: "*"
  peerDependenciesMeta:
    "@ianvs/prettier-plugin-sort-imports":
      optional: true
    "@prettier/plugin-pug":
      optional: true
    "@shopify/prettier-plugin-liquid":
      optional: true
    "@trivago/prettier-plugin-sort-imports":
      optional: true
    "@zackad/prettier-plugin-twig":
      optional: true
    prettier-plugin-astro:
      optional: true
    prettier-plugin-css-order:
      optional: true
    prettier-plugin-import-sort:
      optional: true
    prettier-plugin-jsdoc:
      optional: true
    prettier-plugin-marko:
      optional: true
    prettier-plugin-multiline-arrays:
      optional: true
    prettier-plugin-organize-attributes:
      optional: true
    prettier-plugin-organize-imports:
      optional: true
    prettier-plugin-sort-imports:
      optional: true
    prettier-plugin-style-order:
      optional: true
    prettier-plugin-svelte:
      optional: true
  checksum: 10c0/e5688a86f457b4eaa682d83a86702826d2d828db4cfc153b8b1f0b8409c94530a4bde8deb3e819497ba8e4bd0eda08ed55468a41a8138f82db43d633cf332121
  languageName: node
  linkType: hard

"react-dom@npm:19.0.0":
  version: 19.0.0
  resolution: "react-dom@npm:19.0.0"
  dependencies:
    scheduler: "npm:^0.25.0"
  peerDependencies:
    react: ^19.0.0
  checksum: 10c0/a36ce7ab507b237ae2759c984cdaad4af4096d8199fb65b3815c16825e5cfeb7293da790a3fc2184b52bfba7ba3ff31c058c01947aff6fd1a3701632aabaa6a9
  languageName: node
  linkType: hard

"react@npm:18.3.1":
  version: 18.3.1
  resolution: "react@npm:18.3.1"
  dependencies:
    loose-envify: "npm:^1.1.0"
  checksum: 10c0/283e8c5efcf37802c9d1ce767f302dd569dd97a70d9bb8c7be79a789b9902451e0d16334b05d73299b20f048cbc3c7d288bbbde10b701fa194e2089c237dbea3
  languageName: node
  linkType: hard

"react@npm:19.0.0":
  version: 19.0.0
  resolution: "react@npm:19.0.0"
  checksum: 10c0/9cad8f103e8e3a16d15cb18a0d8115d8bd9f9e1ce3420310aea381eb42aa0a4f812cf047bb5441349257a05fba8a291515691e3cb51267279b2d2c3253f38471
  languageName: node
  linkType: hard

"scheduler@npm:^0.25.0":
  version: 0.25.0
  resolution: "scheduler@npm:0.25.0"
  checksum: 10c0/a4bb1da406b613ce72c1299db43759526058fdcc413999c3c3e0db8956df7633acf395cb20eb2303b6a65d658d66b6585d344460abaee8080b4aa931f10eaafe
  languageName: node
  linkType: hard

"semver@npm:^7.6.3":
  version: 7.7.1
  resolution: "semver@npm:7.7.1"
  bin:
    semver: bin/semver.js
  checksum: 10c0/fd603a6fb9c399c6054015433051bdbe7b99a940a8fb44b85c2b524c4004b023d7928d47cb22154f8d054ea7ee8597f586605e05b52047f048278e4ac56ae958
  languageName: node
  linkType: hard

"sharp@npm:^0.33.5":
  version: 0.33.5
  resolution: "sharp@npm:0.33.5"
  dependencies:
    "@img/sharp-darwin-arm64": "npm:0.33.5"
    "@img/sharp-darwin-x64": "npm:0.33.5"
    "@img/sharp-libvips-darwin-arm64": "npm:1.0.4"
    "@img/sharp-libvips-darwin-x64": "npm:1.0.4"
    "@img/sharp-libvips-linux-arm": "npm:1.0.5"
    "@img/sharp-libvips-linux-arm64": "npm:1.0.4"
    "@img/sharp-libvips-linux-s390x": "npm:1.0.4"
    "@img/sharp-libvips-linux-x64": "npm:1.0.4"
    "@img/sharp-libvips-linuxmusl-arm64": "npm:1.0.4"
    "@img/sharp-libvips-linuxmusl-x64": "npm:1.0.4"
    "@img/sharp-linux-arm": "npm:0.33.5"
    "@img/sharp-linux-arm64": "npm:0.33.5"
    "@img/sharp-linux-s390x": "npm:0.33.5"
    "@img/sharp-linux-x64": "npm:0.33.5"
    "@img/sharp-linuxmusl-arm64": "npm:0.33.5"
    "@img/sharp-linuxmusl-x64": "npm:0.33.5"
    "@img/sharp-wasm32": "npm:0.33.5"
    "@img/sharp-win32-ia32": "npm:0.33.5"
    "@img/sharp-win32-x64": "npm:0.33.5"
    color: "npm:^4.2.3"
    detect-libc: "npm:^2.0.3"
    semver: "npm:^7.6.3"
  dependenciesMeta:
    "@img/sharp-darwin-arm64":
      optional: true
    "@img/sharp-darwin-x64":
      optional: true
    "@img/sharp-libvips-darwin-arm64":
      optional: true
    "@img/sharp-libvips-darwin-x64":
      optional: true
    "@img/sharp-libvips-linux-arm":
      optional: true
    "@img/sharp-libvips-linux-arm64":
      optional: true
    "@img/sharp-libvips-linux-s390x":
      optional: true
    "@img/sharp-libvips-linux-x64":
      optional: true
    "@img/sharp-libvips-linuxmusl-arm64":
      optional: true
    "@img/sharp-libvips-linuxmusl-x64":
      optional: true
    "@img/sharp-linux-arm":
      optional: true
    "@img/sharp-linux-arm64":
      optional: true
    "@img/sharp-linux-s390x":
      optional: true
    "@img/sharp-linux-x64":
      optional: true
    "@img/sharp-linuxmusl-arm64":
      optional: true
    "@img/sharp-linuxmusl-x64":
      optional: true
    "@img/sharp-wasm32":
      optional: true
    "@img/sharp-win32-ia32":
      optional: true
    "@img/sharp-win32-x64":
      optional: true
  checksum: 10c0/6b81421ddfe6ee524d8d77e325c5e147fef22884e1c7b1656dfd89a88d7025894115da02d5f984261bf2e6daa16f98cadd1721c4ba408b4212b1d2a60f233484
  languageName: node
  linkType: hard

"simple-swizzle@npm:^0.2.2":
  version: 0.2.2
  resolution: "simple-swizzle@npm:0.2.2"
  dependencies:
    is-arrayish: "npm:^0.3.1"
  checksum: 10c0/df5e4662a8c750bdba69af4e8263c5d96fe4cd0f9fe4bdfa3cbdeb45d2e869dff640beaaeb1ef0e99db4d8d2ec92f85508c269f50c972174851bc1ae5bd64308
  languageName: node
  linkType: hard

"source-map-js@npm:^1.0.2, source-map-js@npm:^1.2.1":
  version: 1.2.1
  resolution: "source-map-js@npm:1.2.1"
  checksum: 10c0/7bda1fc4c197e3c6ff17de1b8b2c20e60af81b63a52cb32ec5a5d67a20a7d42651e2cb34ebe93833c5a2a084377e17455854fee3e21e7925c64a51b6a52b0faf
  languageName: node
  linkType: hard

"streamsearch@npm:^1.1.0":
  version: 1.1.0
  resolution: "streamsearch@npm:1.1.0"
  checksum: 10c0/fbd9aecc2621364384d157f7e59426f4bfd385e8b424b5aaa79c83a6f5a1c8fd2e4e3289e95de1eb3511cb96bb333d6281a9919fafce760e4edb35b2cd2facab
  languageName: node
  linkType: hard

"styled-jsx@npm:5.1.1":
  version: 5.1.1
  resolution: "styled-jsx@npm:5.1.1"
  dependencies:
    client-only: "npm:0.0.1"
  peerDependencies:
    react: ">= 16.8.0 || 17.x.x || ^18.0.0-0"
  peerDependenciesMeta:
    "@babel/core":
      optional: true
    babel-plugin-macros:
      optional: true
  checksum: 10c0/42655cdadfa5388f8a48bb282d6b450df7d7b8cf066ac37038bd0499d3c9f084815ebd9ff9dfa12a218fd4441338851db79603498d7557207009c1cf4d609835
  languageName: node
  linkType: hard

"styled-jsx@npm:5.1.6":
  version: 5.1.6
  resolution: "styled-jsx@npm:5.1.6"
  dependencies:
    client-only: "npm:0.0.1"
  peerDependencies:
    react: ">= 16.8.0 || 17.x.x || ^18.0.0-0 || ^19.0.0-0"
  peerDependenciesMeta:
    "@babel/core":
      optional: true
    babel-plugin-macros:
      optional: true
  checksum: 10c0/ace50e7ea5ae5ae6a3b65a50994c51fca6ae7df9c7ecfd0104c36be0b4b3a9c5c1a2374d16e2a11e256d0b20be6d47256d768ecb4f91ab390f60752a075780f5
  languageName: node
  linkType: hard

"tailwindcss@npm:4.0.11, tailwindcss@npm:^4.0.3":
  version: 4.0.11
  resolution: "tailwindcss@npm:4.0.11"
  checksum: 10c0/0da21789fc00f99b35be7f679575fc08f26488b764ced4134e8bc9c560f856a2875e2ef7c8737f7149b6d98f5a98399d7b2caa8ebc49f1b6a4d044841c65c970
  languageName: node
  linkType: hard

"tapable@npm:^2.2.0":
  version: 2.2.1
  resolution: "tapable@npm:2.2.1"
  checksum: 10c0/bc40e6efe1e554d075469cedaba69a30eeb373552aaf41caeaaa45bf56ffacc2674261b106245bd566b35d8f3329b52d838e851ee0a852120acae26e622925c9
  languageName: node
  linkType: hard

"tslib@npm:^2.4.0, tslib@npm:^2.8.0":
  version: 2.8.1
  resolution: "tslib@npm:2.8.1"
  checksum: 10c0/9c4759110a19c53f992d9aae23aac5ced636e99887b51b9e61def52611732872ff7668757d4e4c61f19691e36f4da981cd9485e869b4a7408d689f6bf1f14e62
  languageName: node
  linkType: hard

"typescript@npm:^5.7.3":
  version: 5.8.2
  resolution: "typescript@npm:5.8.2"
  bin:
    tsc: bin/tsc
    tsserver: bin/tsserver
  checksum: 10c0/5c4f6fbf1c6389b6928fe7b8fcd5dc73bb2d58cd4e3883f1d774ed5bd83b151cbac6b7ecf11723de56d4676daeba8713894b1e9af56174f2f9780ae7848ec3c6
  languageName: node
  linkType: hard

"typescript@patch:typescript@npm%3A^5.7.3#optional!builtin<compat/typescript>":
  version: 5.8.2
  resolution: "typescript@patch:typescript@npm%3A5.8.2#optional!builtin<compat/typescript>::version=5.8.2&hash=5786d5"
  bin:
    tsc: bin/tsc
    tsserver: bin/tsserver
  checksum: 10c0/5448a08e595cc558ab321e49d4cac64fb43d1fa106584f6ff9a8d8e592111b373a995a1d5c7f3046211c8a37201eb6d0f1566f15cdb7a62a5e3be01d087848e2
  languageName: node
  linkType: hard

"undici-types@npm:~6.20.0":
  version: 6.20.0
  resolution: "undici-types@npm:6.20.0"
  checksum: 10c0/68e659a98898d6a836a9a59e6adf14a5d799707f5ea629433e025ac90d239f75e408e2e5ff086afc3cace26f8b26ee52155293564593fbb4a2f666af57fc59bf
  languageName: node
  linkType: hard

"zazubot-landing-next@workspace:.":
  version: 0.0.0-use.local
  resolution: "zazubot-landing-next@workspace:."
  dependencies:
    "@calcom/embed-react": "npm:^1.5.2"
    "@emailjs/browser": "npm:^4.4.1"
    "@tailwindcss/forms": "npm:^0.5.10"
    "@tailwindcss/postcss": "npm:^4.0.3"
    "@typebot.io/nextjs": "npm:^0.3.76"
    "@types/aos": "npm:^3.0.7"
    "@types/node": "npm:^22.13.0"
    "@types/react": "npm:19.0.8"
    "@types/react-dom": "npm:19.0.3"
    aos: "npm:3.0.0-beta.6"
    lucide-react: "npm:^0.486.0"
    next: "npm:15.1.6"
    postcss: "npm:^8.5.1"
    prettier-plugin-tailwindcss: "npm:^0.6.11"
    react: "npm:19.0.0"
    react-dom: "npm:19.0.0"
    tailwindcss: "npm:^4.0.3"
    typescript: "npm:^5.7.3"
  languageName: unknown
  linkType: soft
